Microsoft Visual Studio Solution File, Format Version 10.00
# Visual Studio 2008
Project("{FAE04EC0-301F-11D3-BF4B-00C04F79EFBC}") = "Accounting", "Accounting\Accounting.csproj", "{48CE4638-1DB4-4919-914E-EF2141F393BC}"
EndProject
Project("{FAE04EC0-301F-11D3-BF4B-00C04F79EFBC}") = "ExpandableGridView", "TreeGridView\ExpandableGridView.csproj", "{2EFE526F-79B3-49BC-9575-A7B258C59BB5}"
EndProject
Project("{FAE04EC0-301F-11D3-BF4B-00C04F79EFBC}") = "SwissArmyKnife", "SwissArmyKnife\SwissArmyKnife.csproj", "{9199B8AA-4D8D-4328-AE2E-9A010303E714}"
EndProject
Project("{FAE04EC0-301F-11D3-BF4B-00C04F79EFBC}") = "Accounting.Bll", "Accounting.Bll\Accounting.Bll.csproj", "{770B6287-3688-4B24-B7D0-2E6002EA427A}"
EndProject
Project("{FAE04EC0-301F-11D3-BF4B-00C04F79EFBC}") = "Accounting.Report", "Accounting.Report\Accounting.Report.csproj", "{F730F20D-F622-41CA-9E4F-6D7F97A5E0E0}"
EndProject
Project("{FAE04EC0-301F-11D3-BF4B-00C04F79EFBC}") = "Accounting.Db.Myob", "Accounting.Db.Myob\Accounting.Db.Myob.csproj", "{3898ABE0-5FD7-43F3-BE5F-57B57A58914E}"
EndProject
Project("{FAE04EC0-301F-11D3-BF4B-00C04F79EFBC}") = "Accounting.Db.OleDb", "Accounting.Db.OleDb\Accounting.Db.OleDb.csproj", "{E6468536-85AC-41A8-9C4C-08442D8C54F3}"
EndProject
Project("{FAE04EC0-301F-11D3-BF4B-00C04F79EFBC}") = "Accounting.Db.Im", "Accounting.Db.Im\Accounting.Db.Im.csproj", "{F880F3FE-9745-460E-9ED4-B20864D59103}"
EndProject
Project("{FAE04EC0-301F-11D3-BF4B-00C04F79EFBC}") = "Accounting.Db.MySQL", "Accounting.Db.MySQL\Accounting.Db.MySQL.csproj", "{FEB1EAD6-3AE1-42C1-B4DB-FEE1C0681055}"
EndProject
Project("{FAE04EC0-301F-11D3-BF4B-00C04F79EFBC}") = "Accounting.Db.SqlClient", "Accounting.Db.SqlClient\Accounting.Db.SqlClient.csproj", "{E346F030-E0F4-4CA1-965A-934E5150CD13}"
EndProject
Project("{FAE04EC0-301F-11D3-BF4B-00C04F79EFBC}") = "OfficeWebUI", "OfficeWebUI\OfficeWebUI.csproj", "{8192EECB-F2F1-4753-A29F-246F7E2973BF}"
EndProject
Project("{FAE04EC0-301F-11D3-BF4B-00C04F79EFBC}") = "CSSFriendly", "CSSFriendly\CSSFriendly.csproj", "{1439911B-BE4E-48A0-9208-927321992C67}"
EndProject
Project("{FAE04EC0-301F-11D3-BF4B-00C04F79EFBC}") = "Accounting.Db.SqlCe", "Accounting.Db.SqlCe\Accounting.Db.SqlCe.csproj", "{5F1DC1CC-9FF1-4D43-8C0D-C79F96F821CD}"
EndProject
Project("{FAE04EC0-301F-11D3-BF4B-00C04F79EFBC}") = "Accounting.Bll.Im", "Accounting.Bll.Im\Accounting.Bll.Im.csproj", "{CA4932F3-70E0-4F5F-A0E7-44C561FFF2A4}"
EndProject
Project("{FAE04EC0-301F-11D3-BF4B-00C04F79EFBC}") = "Doddle.Reporting", "Doddle.Reporting\Doddle.Reporting.csproj", "{F08B2994-4D05-423E-A8FE-7D1E8A63472B}"
EndProject
Project("{FAE04EC0-301F-11D3-BF4B-00C04F79EFBC}") = "SwissArmyKnife.Forms", "SwissArmyKnife.Forms\SwissArmyKnife.Forms.csproj", "{4F36C758-4A5F-4091-ADE8-BE771B909FD6}"
EndProject
Project("{FAE04EC0-301F-11D3-BF4B-00C04F79EFBC}") = "System.Windows.Forms.Ribbon", "System.Windows.Forms.Ribbon\System.Windows.Forms.Ribbon.csproj", "{46A18A55-5AE8-49CE-91CD-C7421B642E7E}"
EndProject
Project("{FAE04EC0-301F-11D3-BF4B-00C04F79EFBC}") = "MigraDoc.DocumentObjectModel", "MigraDoc\code\MigraDoc.DocumentObjectModel\MigraDoc.DocumentObjectModel.csproj", "{4666ABF3-EFE5-49BD-B2E8-9E04F5949145}"
EndProject
Project("{FAE04EC0-301F-11D3-BF4B-00C04F79EFBC}") = "MigraDoc.Rendering", "MigraDoc\code\MigraDoc.Rendering\MigraDoc.Rendering.csproj", "{FEBBE5BE-9F58-4967-BBCF-801F1CFCD774}"
EndProject
Project("{FAE04EC0-301F-11D3-BF4B-00C04F79EFBC}") = "MigraDoc.RtfRendering", "MigraDoc\code\MigraDoc.RtfRendering\MigraDoc.RtfRendering.csproj", "{22010032-52DC-464D-B8BB-6CD9BF230D1F}"
EndProject
Project("{FAE04EC0-301F-11D3-BF4B-00C04F79EFBC}") = "PdfSharp", "PDFsharp\code\PdfSharp\PdfSharp.csproj", "{5384CE57-1F94-4D22-860D-2E9C1AC12DDF}"
EndProject
Project("{FAE04EC0-301F-11D3-BF4B-00C04F79EFBC}") = "DacII", "DacII\DacII.csproj", "{EE4C6F96-8E7B-41F2-9F0A-3F0D6403A8B8}"
EndProject
Project("{FAE04EC0-301F-11D3-BF4B-00C04F79EFBC}") = "CustomWinFormControls", "CustomWinformControls\CustomWinFormControls.csproj", "{4DBFE2CF-45E4-4594-8E6A-5EBC2EEF85AE}"
EndProject
Project("{FAE04EC0-301F-11D3-BF4B-00C04F79EFBC}") = "Barcode", "Barcode\Barcode.csproj", "{32817BF9-E380-4467-9C7F-936F4B122BC7}"
EndProject
Project("{FAE04EC0-301F-11D3-BF4B-00C04F79EFBC}") = "BarcodeReader", "BarcodeReader\BarcodeReader.csproj", "{0BDD7246-1203-4C44-AC01-604801A1AF57}"
EndProject
Project("{FAE04EC0-301F-11D3-BF4B-00C04F79EFBC}") = "PdfToImage", "PdfToImage\PdfToImage.csproj", "{0AC963ED-4835-41D8-9BE2-57623402819D}"
EndProject
Project("{FAE04EC0-301F-11D3-BF4B-00C04F79EFBC}") = "GMap.NET.Core", "GMap\GMap.NET.Core\GMap.NET.Core.csproj", "{D0C39D9D-BED0-418B-9A5E-713176CAF40C}"
EndProject
Project("{FAE04EC0-301F-11D3-BF4B-00C04F79EFBC}") = "GMap.NET.WindowsForms", "GMap\GMap.NET.WindowsForms\GMap.NET.WindowsForms.csproj", "{E06DEF77-F933-42FB-AFD7-DB2D0D8D6A98}"
EndProject
Project("{FAE04EC0-301F-11D3-BF4B-00C04F79EFBC}") = "Demo.WindowsForms", "GMap\Demo.WindowsForms\Demo.WindowsForms.csproj", "{A2E07A76-8B2C-41A2-B23E-EA31AE94D706}"
EndProject
Project("{FAE04EC0-301F-11D3-BF4B-00C04F79EFBC}") = "BSE.Windows.Forms", "GMap\Libs\BSE.Windows.Forms\BSE.Windows.Forms.csproj", "{9CA367B8-0B98-49D1-84FB-735E612E3BA9}"
EndProject
Global
	GlobalSection(SolutionConfigurationPlatforms) = preSolution
		Debug|.NET = Debug|.NET
		Debug|Any CPU = Debug|Any CPU
		Debug|Mixed Platforms = Debug|Mixed Platforms
		Debug|x64 = Debug|x64
		Debug|x86 = Debug|x86
		Release|.NET = Release|.NET
		Release|Any CPU = Release|Any CPU
		Release|Mixed Platforms = Release|Mixed Platforms
		Release|x64 = Release|x64
		Release|x86 = Release|x86
	EndGlobalSection
	GlobalSection(ProjectConfigurationPlatforms) = postSolution
		{48CE4638-1DB4-4919-914E-EF2141F393BC}.Debug|.NET.ActiveCfg = Debug|Any CPU
		{48CE4638-1DB4-4919-914E-EF2141F393BC}.Debug|Any CPU.ActiveCfg = Debug|Any CPU
		{48CE4638-1DB4-4919-914E-EF2141F393BC}.Debug|Any CPU.Build.0 = Debug|Any CPU
		{48CE4638-1DB4-4919-914E-EF2141F393BC}.Debug|Mixed Platforms.ActiveCfg = Debug|Any CPU
		{48CE4638-1DB4-4919-914E-EF2141F393BC}.Debug|Mixed Platforms.Build.0 = Debug|Any CPU
		{48CE4638-1DB4-4919-914E-EF2141F393BC}.Debug|x64.ActiveCfg = Debug|Any CPU
		{48CE4638-1DB4-4919-914E-EF2141F393BC}.Debug|x86.ActiveCfg = Debug|Any CPU
		{48CE4638-1DB4-4919-914E-EF2141F393BC}.Release|.NET.ActiveCfg = Release|Any CPU
		{48CE4638-1DB4-4919-914E-EF2141F393BC}.Release|Any CPU.ActiveCfg = Release|Any CPU
		{48CE4638-1DB4-4919-914E-EF2141F393BC}.Release|Any CPU.Build.0 = Release|Any CPU
		{48CE4638-1DB4-4919-914E-EF2141F393BC}.Release|Mixed Platforms.ActiveCfg = Release|Any CPU
		{48CE4638-1DB4-4919-914E-EF2141F393BC}.Release|Mixed Platforms.Build.0 = Release|Any CPU
		{48CE4638-1DB4-4919-914E-EF2141F393BC}.Release|x64.ActiveCfg = Release|Any CPU
		{48CE4638-1DB4-4919-914E-EF2141F393BC}.Release|x86.ActiveCfg = Release|Any CPU
		{2EFE526F-79B3-49BC-9575-A7B258C59BB5}.Debug|.NET.ActiveCfg = Debug|Any CPU
		{2EFE526F-79B3-49BC-9575-A7B258C59BB5}.Debug|Any CPU.ActiveCfg = Debug|Any CPU
		{2EFE526F-79B3-49BC-9575-A7B258C59BB5}.Debug|Any CPU.Build.0 = Debug|Any CPU
		{2EFE526F-79B3-49BC-9575-A7B258C59BB5}.Debug|Mixed Platforms.ActiveCfg = Debug|Any CPU
		{2EFE526F-79B3-49BC-9575-A7B258C59BB5}.Debug|Mixed Platforms.Build.0 = Debug|Any CPU
		{2EFE526F-79B3-49BC-9575-A7B258C59BB5}.Debug|x64.ActiveCfg = Debug|Any CPU
		{2EFE526F-79B3-49BC-9575-A7B258C59BB5}.Debug|x86.ActiveCfg = Debug|Any CPU
		{2EFE526F-79B3-49BC-9575-A7B258C59BB5}.Release|.NET.ActiveCfg = Release|Any CPU
		{2EFE526F-79B3-49BC-9575-A7B258C59BB5}.Release|Any CPU.ActiveCfg = Release|Any CPU
		{2EFE526F-79B3-49BC-9575-A7B258C59BB5}.Release|Any CPU.Build.0 = Release|Any CPU
		{2EFE526F-79B3-49BC-9575-A7B258C59BB5}.Release|Mixed Platforms.ActiveCfg = Release|Any CPU
		{2EFE526F-79B3-49BC-9575-A7B258C59BB5}.Release|Mixed Platforms.Build.0 = Release|Any CPU
		{2EFE526F-79B3-49BC-9575-A7B258C59BB5}.Release|x64.ActiveCfg = Release|Any CPU
		{2EFE526F-79B3-49BC-9575-A7B258C59BB5}.Release|x86.ActiveCfg = Release|Any CPU
		{9199B8AA-4D8D-4328-AE2E-9A010303E714}.Debug|.NET.ActiveCfg = Debug|Any CPU
		{9199B8AA-4D8D-4328-AE2E-9A010303E714}.Debug|Any CPU.ActiveCfg = Debug|Any CPU
		{9199B8AA-4D8D-4328-AE2E-9A010303E714}.Debug|Any CPU.Build.0 = Debug|Any CPU
		{9199B8AA-4D8D-4328-AE2E-9A010303E714}.Debug|Mixed Platforms.ActiveCfg = Debug|Any CPU
		{9199B8AA-4D8D-4328-AE2E-9A010303E714}.Debug|Mixed Platforms.Build.0 = Debug|Any CPU
		{9199B8AA-4D8D-4328-AE2E-9A010303E714}.Debug|x64.ActiveCfg = Debug|Any CPU
		{9199B8AA-4D8D-4328-AE2E-9A010303E714}.Debug|x86.ActiveCfg = Debug|Any CPU
		{9199B8AA-4D8D-4328-AE2E-9A010303E714}.Release|.NET.ActiveCfg = Release|Any CPU
		{9199B8AA-4D8D-4328-AE2E-9A010303E714}.Release|Any CPU.ActiveCfg = Release|Any CPU
		{9199B8AA-4D8D-4328-AE2E-9A010303E714}.Release|Any CPU.Build.0 = Release|Any CPU
		{9199B8AA-4D8D-4328-AE2E-9A010303E714}.Release|Mixed Platforms.ActiveCfg = Release|Any CPU
		{9199B8AA-4D8D-4328-AE2E-9A010303E714}.Release|Mixed Platforms.Build.0 = Release|Any CPU
		{9199B8AA-4D8D-4328-AE2E-9A010303E714}.Release|x64.ActiveCfg = Release|Any CPU
		{9199B8AA-4D8D-4328-AE2E-9A010303E714}.Release|x86.ActiveCfg = Release|Any CPU
		{770B6287-3688-4B24-B7D0-2E6002EA427A}.Debug|.NET.ActiveCfg = Debug|Any CPU
		{770B6287-3688-4B24-B7D0-2E6002EA427A}.Debug|Any CPU.ActiveCfg = Debug|Any CPU
		{770B6287-3688-4B24-B7D0-2E6002EA427A}.Debug|Any CPU.Build.0 = Debug|Any CPU
		{770B6287-3688-4B24-B7D0-2E6002EA427A}.Debug|Mixed Platforms.ActiveCfg = Debug|Any CPU
		{770B6287-3688-4B24-B7D0-2E6002EA427A}.Debug|Mixed Platforms.Build.0 = Debug|Any CPU
		{770B6287-3688-4B24-B7D0-2E6002EA427A}.Debug|x64.ActiveCfg = Debug|Any CPU
		{770B6287-3688-4B24-B7D0-2E6002EA427A}.Debug|x86.ActiveCfg = Debug|Any CPU
		{770B6287-3688-4B24-B7D0-2E6002EA427A}.Release|.NET.ActiveCfg = Release|Any CPU
		{770B6287-3688-4B24-B7D0-2E6002EA427A}.Release|Any CPU.ActiveCfg = Release|Any CPU
		{770B6287-3688-4B24-B7D0-2E6002EA427A}.Release|Any CPU.Build.0 = Release|Any CPU
		{770B6287-3688-4B24-B7D0-2E6002EA427A}.Release|Mixed Platforms.ActiveCfg = Release|Any CPU
		{770B6287-3688-4B24-B7D0-2E6002EA427A}.Release|Mixed Platforms.Build.0 = Release|Any CPU
		{770B6287-3688-4B24-B7D0-2E6002EA427A}.Release|x64.ActiveCfg = Release|Any CPU
		{770B6287-3688-4B24-B7D0-2E6002EA427A}.Release|x86.ActiveCfg = Release|Any CPU
		{F730F20D-F622-41CA-9E4F-6D7F97A5E0E0}.Debug|.NET.ActiveCfg = Debug|Any CPU
		{F730F20D-F622-41CA-9E4F-6D7F97A5E0E0}.Debug|Any CPU.ActiveCfg = Debug|Any CPU
		{F730F20D-F622-41CA-9E4F-6D7F97A5E0E0}.Debug|Any CPU.Build.0 = Debug|Any CPU
		{F730F20D-F622-41CA-9E4F-6D7F97A5E0E0}.Debug|Mixed Platforms.ActiveCfg = Debug|Any CPU
		{F730F20D-F622-41CA-9E4F-6D7F97A5E0E0}.Debug|Mixed Platforms.Build.0 = Debug|Any CPU
		{F730F20D-F622-41CA-9E4F-6D7F97A5E0E0}.Debug|x64.ActiveCfg = Debug|Any CPU
		{F730F20D-F622-41CA-9E4F-6D7F97A5E0E0}.Debug|x86.ActiveCfg = Debug|Any CPU
		{F730F20D-F622-41CA-9E4F-6D7F97A5E0E0}.Release|.NET.ActiveCfg = Release|Any CPU
		{F730F20D-F622-41CA-9E4F-6D7F97A5E0E0}.Release|Any CPU.ActiveCfg = Release|Any CPU
		{F730F20D-F622-41CA-9E4F-6D7F97A5E0E0}.Release|Any CPU.Build.0 = Release|Any CPU
		{F730F20D-F622-41CA-9E4F-6D7F97A5E0E0}.Release|Mixed Platforms.ActiveCfg = Release|Any CPU
		{F730F20D-F622-41CA-9E4F-6D7F97A5E0E0}.Release|Mixed Platforms.Build.0 = Release|Any CPU
		{F730F20D-F622-41CA-9E4F-6D7F97A5E0E0}.Release|x64.ActiveCfg = Release|Any CPU
		{F730F20D-F622-41CA-9E4F-6D7F97A5E0E0}.Release|x86.ActiveCfg = Release|Any CPU
		{3898ABE0-5FD7-43F3-BE5F-57B57A58914E}.Debug|.NET.ActiveCfg = Debug|Any CPU
		{3898ABE0-5FD7-43F3-BE5F-57B57A58914E}.Debug|Any CPU.ActiveCfg = Debug|Any CPU
		{3898ABE0-5FD7-43F3-BE5F-57B57A58914E}.Debug|Any CPU.Build.0 = Debug|Any CPU
		{3898ABE0-5FD7-43F3-BE5F-57B57A58914E}.Debug|Mixed Platforms.ActiveCfg = Debug|Any CPU
		{3898ABE0-5FD7-43F3-BE5F-57B57A58914E}.Debug|Mixed Platforms.Build.0 = Debug|Any CPU
		{3898ABE0-5FD7-43F3-BE5F-57B57A58914E}.Debug|x64.ActiveCfg = Debug|Any CPU
		{3898ABE0-5FD7-43F3-BE5F-57B57A58914E}.Debug|x86.ActiveCfg = Debug|Any CPU
		{3898ABE0-5FD7-43F3-BE5F-57B57A58914E}.Release|.NET.ActiveCfg = Release|Any CPU
		{3898ABE0-5FD7-43F3-BE5F-57B57A58914E}.Release|Any CPU.ActiveCfg = Release|Any CPU
		{3898ABE0-5FD7-43F3-BE5F-57B57A58914E}.Release|Any CPU.Build.0 = Release|Any CPU
		{3898ABE0-5FD7-43F3-BE5F-57B57A58914E}.Release|Mixed Platforms.ActiveCfg = Release|Any CPU
		{3898ABE0-5FD7-43F3-BE5F-57B57A58914E}.Release|Mixed Platforms.Build.0 = Release|Any CPU
		{3898ABE0-5FD7-43F3-BE5F-57B57A58914E}.Release|x64.ActiveCfg = Release|Any CPU
		{3898ABE0-5FD7-43F3-BE5F-57B57A58914E}.Release|x86.ActiveCfg = Release|Any CPU
		{E6468536-85AC-41A8-9C4C-08442D8C54F3}.Debug|.NET.ActiveCfg = Debug|Any CPU
		{E6468536-85AC-41A8-9C4C-08442D8C54F3}.Debug|Any CPU.ActiveCfg = Debug|Any CPU
		{E6468536-85AC-41A8-9C4C-08442D8C54F3}.Debug|Any CPU.Build.0 = Debug|Any CPU
		{E6468536-85AC-41A8-9C4C-08442D8C54F3}.Debug|Mixed Platforms.ActiveCfg = Debug|Any CPU
		{E6468536-85AC-41A8-9C4C-08442D8C54F3}.Debug|Mixed Platforms.Build.0 = Debug|Any CPU
		{E6468536-85AC-41A8-9C4C-08442D8C54F3}.Debug|x64.ActiveCfg = Debug|Any CPU
		{E6468536-85AC-41A8-9C4C-08442D8C54F3}.Debug|x86.ActiveCfg = Debug|Any CPU
		{E6468536-85AC-41A8-9C4C-08442D8C54F3}.Release|.NET.ActiveCfg = Release|Any CPU
		{E6468536-85AC-41A8-9C4C-08442D8C54F3}.Release|Any CPU.ActiveCfg = Release|Any CPU
		{E6468536-85AC-41A8-9C4C-08442D8C54F3}.Release|Any CPU.Build.0 = Release|Any CPU
		{E6468536-85AC-41A8-9C4C-08442D8C54F3}.Release|Mixed Platforms.ActiveCfg = Release|Any CPU
		{E6468536-85AC-41A8-9C4C-08442D8C54F3}.Release|Mixed Platforms.Build.0 = Release|Any CPU
		{E6468536-85AC-41A8-9C4C-08442D8C54F3}.Release|x64.ActiveCfg = Release|Any CPU
		{E6468536-85AC-41A8-9C4C-08442D8C54F3}.Release|x86.ActiveCfg = Release|Any CPU
		{F880F3FE-9745-460E-9ED4-B20864D59103}.Debug|.NET.ActiveCfg = Debug|Any CPU
		{F880F3FE-9745-460E-9ED4-B20864D59103}.Debug|Any CPU.ActiveCfg = Debug|Any CPU
		{F880F3FE-9745-460E-9ED4-B20864D59103}.Debug|Any CPU.Build.0 = Debug|Any CPU
		{F880F3FE-9745-460E-9ED4-B20864D59103}.Debug|Mixed Platforms.ActiveCfg = Debug|Any CPU
		{F880F3FE-9745-460E-9ED4-B20864D59103}.Debug|Mixed Platforms.Build.0 = Debug|Any CPU
		{F880F3FE-9745-460E-9ED4-B20864D59103}.Debug|x64.ActiveCfg = Debug|Any CPU
		{F880F3FE-9745-460E-9ED4-B20864D59103}.Debug|x86.ActiveCfg = Debug|Any CPU
		{F880F3FE-9745-460E-9ED4-B20864D59103}.Release|.NET.ActiveCfg = Release|Any CPU
		{F880F3FE-9745-460E-9ED4-B20864D59103}.Release|Any CPU.ActiveCfg = Release|Any CPU
		{F880F3FE-9745-460E-9ED4-B20864D59103}.Release|Any CPU.Build.0 = Release|Any CPU
		{F880F3FE-9745-460E-9ED4-B20864D59103}.Release|Mixed Platforms.ActiveCfg = Release|Any CPU
		{F880F3FE-9745-460E-9ED4-B20864D59103}.Release|Mixed Platforms.Build.0 = Release|Any CPU
		{F880F3FE-9745-460E-9ED4-B20864D59103}.Release|x64.ActiveCfg = Release|Any CPU
		{F880F3FE-9745-460E-9ED4-B20864D59103}.Release|x86.ActiveCfg = Release|Any CPU
		{FEB1EAD6-3AE1-42C1-B4DB-FEE1C0681055}.Debug|.NET.ActiveCfg = Debug|Any CPU
		{FEB1EAD6-3AE1-42C1-B4DB-FEE1C0681055}.Debug|Any CPU.ActiveCfg = Debug|Any CPU
		{FEB1EAD6-3AE1-42C1-B4DB-FEE1C0681055}.Debug|Any CPU.Build.0 = Debug|Any CPU
		{FEB1EAD6-3AE1-42C1-B4DB-FEE1C0681055}.Debug|Mixed Platforms.ActiveCfg = Debug|Any CPU
		{FEB1EAD6-3AE1-42C1-B4DB-FEE1C0681055}.Debug|Mixed Platforms.Build.0 = Debug|Any CPU
		{FEB1EAD6-3AE1-42C1-B4DB-FEE1C0681055}.Debug|x64.ActiveCfg = Debug|Any CPU
		{FEB1EAD6-3AE1-42C1-B4DB-FEE1C0681055}.Debug|x86.ActiveCfg = Debug|Any CPU
		{FEB1EAD6-3AE1-42C1-B4DB-FEE1C0681055}.Release|.NET.ActiveCfg = Release|Any CPU
		{FEB1EAD6-3AE1-42C1-B4DB-FEE1C0681055}.Release|Any CPU.ActiveCfg = Release|Any CPU
		{FEB1EAD6-3AE1-42C1-B4DB-FEE1C0681055}.Release|Any CPU.Build.0 = Release|Any CPU
		{FEB1EAD6-3AE1-42C1-B4DB-FEE1C0681055}.Release|Mixed Platforms.ActiveCfg = Release|Any CPU
		{FEB1EAD6-3AE1-42C1-B4DB-FEE1C0681055}.Release|Mixed Platforms.Build.0 = Release|Any CPU
		{FEB1EAD6-3AE1-42C1-B4DB-FEE1C0681055}.Release|x64.ActiveCfg = Release|Any CPU
		{FEB1EAD6-3AE1-42C1-B4DB-FEE1C0681055}.Release|x86.ActiveCfg = Release|Any CPU
		{E346F030-E0F4-4CA1-965A-934E5150CD13}.Debug|.NET.ActiveCfg = Debug|Any CPU
		{E346F030-E0F4-4CA1-965A-934E5150CD13}.Debug|Any CPU.ActiveCfg = Debug|Any CPU
		{E346F030-E0F4-4CA1-965A-934E5150CD13}.Debug|Any CPU.Build.0 = Debug|Any CPU
		{E346F030-E0F4-4CA1-965A-934E5150CD13}.Debug|Mixed Platforms.ActiveCfg = Debug|Any CPU
		{E346F030-E0F4-4CA1-965A-934E5150CD13}.Debug|Mixed Platforms.Build.0 = Debug|Any CPU
		{E346F030-E0F4-4CA1-965A-934E5150CD13}.Debug|x64.ActiveCfg = Debug|Any CPU
		{E346F030-E0F4-4CA1-965A-934E5150CD13}.Debug|x86.ActiveCfg = Debug|Any CPU
		{E346F030-E0F4-4CA1-965A-934E5150CD13}.Release|.NET.ActiveCfg = Release|Any CPU
		{E346F030-E0F4-4CA1-965A-934E5150CD13}.Release|Any CPU.ActiveCfg = Release|Any CPU
		{E346F030-E0F4-4CA1-965A-934E5150CD13}.Release|Any CPU.Build.0 = Release|Any CPU
		{E346F030-E0F4-4CA1-965A-934E5150CD13}.Release|Mixed Platforms.ActiveCfg = Release|Any CPU
		{E346F030-E0F4-4CA1-965A-934E5150CD13}.Release|Mixed Platforms.Build.0 = Release|Any CPU
		{E346F030-E0F4-4CA1-965A-934E5150CD13}.Release|x64.ActiveCfg = Release|Any CPU
		{E346F030-E0F4-4CA1-965A-934E5150CD13}.Release|x86.ActiveCfg = Release|Any CPU
		{8192EECB-F2F1-4753-A29F-246F7E2973BF}.Debug|.NET.ActiveCfg = Debug|Any CPU
		{8192EECB-F2F1-4753-A29F-246F7E2973BF}.Debug|Any CPU.ActiveCfg = Debug|Any CPU
		{8192EECB-F2F1-4753-A29F-246F7E2973BF}.Debug|Any CPU.Build.0 = Debug|Any CPU
		{8192EECB-F2F1-4753-A29F-246F7E2973BF}.Debug|Mixed Platforms.ActiveCfg = Debug|Any CPU
		{8192EECB-F2F1-4753-A29F-246F7E2973BF}.Debug|Mixed Platforms.Build.0 = Debug|Any CPU
		{8192EECB-F2F1-4753-A29F-246F7E2973BF}.Debug|x64.ActiveCfg = Debug|Any CPU
		{8192EECB-F2F1-4753-A29F-246F7E2973BF}.Debug|x86.ActiveCfg = Debug|Any CPU
		{8192EECB-F2F1-4753-A29F-246F7E2973BF}.Release|.NET.ActiveCfg = Release|Any CPU
		{8192EECB-F2F1-4753-A29F-246F7E2973BF}.Release|Any CPU.ActiveCfg = Release|Any CPU
		{8192EECB-F2F1-4753-A29F-246F7E2973BF}.Release|Any CPU.Build.0 = Release|Any CPU
		{8192EECB-F2F1-4753-A29F-246F7E2973BF}.Release|Mixed Platforms.ActiveCfg = Release|Any CPU
		{8192EECB-F2F1-4753-A29F-246F7E2973BF}.Release|Mixed Platforms.Build.0 = Release|Any CPU
		{8192EECB-F2F1-4753-A29F-246F7E2973BF}.Release|x64.ActiveCfg = Release|Any CPU
		{8192EECB-F2F1-4753-A29F-246F7E2973BF}.Release|x86.ActiveCfg = Release|Any CPU
		{1439911B-BE4E-48A0-9208-927321992C67}.Debug|.NET.ActiveCfg = Debug|Any CPU
		{1439911B-BE4E-48A0-9208-927321992C67}.Debug|Any CPU.ActiveCfg = Debug|Any CPU
		{1439911B-BE4E-48A0-9208-927321992C67}.Debug|Any CPU.Build.0 = Debug|Any CPU
		{1439911B-BE4E-48A0-9208-927321992C67}.Debug|Mixed Platforms.ActiveCfg = Debug|Any CPU
		{1439911B-BE4E-48A0-9208-927321992C67}.Debug|Mixed Platforms.Build.0 = Debug|Any CPU
		{1439911B-BE4E-48A0-9208-927321992C67}.Debug|x64.ActiveCfg = Debug|Any CPU
		{1439911B-BE4E-48A0-9208-927321992C67}.Debug|x86.ActiveCfg = Debug|Any CPU
		{1439911B-BE4E-48A0-9208-927321992C67}.Release|.NET.ActiveCfg = Release|Any CPU
		{1439911B-BE4E-48A0-9208-927321992C67}.Release|Any CPU.ActiveCfg = Release|Any CPU
		{1439911B-BE4E-48A0-9208-927321992C67}.Release|Any CPU.Build.0 = Release|Any CPU
		{1439911B-BE4E-48A0-9208-927321992C67}.Release|Mixed Platforms.ActiveCfg = Release|Any CPU
		{1439911B-BE4E-48A0-9208-927321992C67}.Release|Mixed Platforms.Build.0 = Release|Any CPU
		{1439911B-BE4E-48A0-9208-927321992C67}.Release|x64.ActiveCfg = Release|Any CPU
		{1439911B-BE4E-48A0-9208-927321992C67}.Release|x86.ActiveCfg = Release|Any CPU
		{5F1DC1CC-9FF1-4D43-8C0D-C79F96F821CD}.Debug|.NET.ActiveCfg = Debug|Any CPU
		{5F1DC1CC-9FF1-4D43-8C0D-C79F96F821CD}.Debug|Any CPU.ActiveCfg = Debug|Any CPU
		{5F1DC1CC-9FF1-4D43-8C0D-C79F96F821CD}.Debug|Any CPU.Build.0 = Debug|Any CPU
		{5F1DC1CC-9FF1-4D43-8C0D-C79F96F821CD}.Debug|Mixed Platforms.ActiveCfg = Debug|Any CPU
		{5F1DC1CC-9FF1-4D43-8C0D-C79F96F821CD}.Debug|Mixed Platforms.Build.0 = Debug|Any CPU
		{5F1DC1CC-9FF1-4D43-8C0D-C79F96F821CD}.Debug|x64.ActiveCfg = Debug|Any CPU
		{5F1DC1CC-9FF1-4D43-8C0D-C79F96F821CD}.Debug|x86.ActiveCfg = Debug|Any CPU
		{5F1DC1CC-9FF1-4D43-8C0D-C79F96F821CD}.Release|.NET.ActiveCfg = Release|Any CPU
		{5F1DC1CC-9FF1-4D43-8C0D-C79F96F821CD}.Release|Any CPU.ActiveCfg = Release|Any CPU
		{5F1DC1CC-9FF1-4D43-8C0D-C79F96F821CD}.Release|Any CPU.Build.0 = Release|Any CPU
		{5F1DC1CC-9FF1-4D43-8C0D-C79F96F821CD}.Release|Mixed Platforms.ActiveCfg = Release|Any CPU
		{5F1DC1CC-9FF1-4D43-8C0D-C79F96F821CD}.Release|Mixed Platforms.Build.0 = Release|Any CPU
		{5F1DC1CC-9FF1-4D43-8C0D-C79F96F821CD}.Release|x64.ActiveCfg = Release|Any CPU
		{5F1DC1CC-9FF1-4D43-8C0D-C79F96F821CD}.Release|x86.ActiveCfg = Release|Any CPU
		{CA4932F3-70E0-4F5F-A0E7-44C561FFF2A4}.Debug|.NET.ActiveCfg = Debug|Any CPU
		{CA4932F3-70E0-4F5F-A0E7-44C561FFF2A4}.Debug|Any CPU.ActiveCfg = Debug|Any CPU
		{CA4932F3-70E0-4F5F-A0E7-44C561FFF2A4}.Debug|Any CPU.Build.0 = Debug|Any CPU
		{CA4932F3-70E0-4F5F-A0E7-44C561FFF2A4}.Debug|Mixed Platforms.ActiveCfg = Debug|Any CPU
		{CA4932F3-70E0-4F5F-A0E7-44C561FFF2A4}.Debug|Mixed Platforms.Build.0 = Debug|Any CPU
		{CA4932F3-70E0-4F5F-A0E7-44C561FFF2A4}.Debug|x64.ActiveCfg = Debug|Any CPU
		{CA4932F3-70E0-4F5F-A0E7-44C561FFF2A4}.Debug|x86.ActiveCfg = Debug|Any CPU
		{CA4932F3-70E0-4F5F-A0E7-44C561FFF2A4}.Release|.NET.ActiveCfg = Release|Any CPU
		{CA4932F3-70E0-4F5F-A0E7-44C561FFF2A4}.Release|Any CPU.ActiveCfg = Release|Any CPU
		{CA4932F3-70E0-4F5F-A0E7-44C561FFF2A4}.Release|Any CPU.Build.0 = Release|Any CPU
		{CA4932F3-70E0-4F5F-A0E7-44C561FFF2A4}.Release|Mixed Platforms.ActiveCfg = Release|Any CPU
		{CA4932F3-70E0-4F5F-A0E7-44C561FFF2A4}.Release|Mixed Platforms.Build.0 = Release|Any CPU
		{CA4932F3-70E0-4F5F-A0E7-44C561FFF2A4}.Release|x64.ActiveCfg = Release|Any CPU
		{CA4932F3-70E0-4F5F-A0E7-44C561FFF2A4}.Release|x86.ActiveCfg = Release|Any CPU
		{F08B2994-4D05-423E-A8FE-7D1E8A63472B}.Debug|.NET.ActiveCfg = Debug|Any CPU
		{F08B2994-4D05-423E-A8FE-7D1E8A63472B}.Debug|Any CPU.ActiveCfg = Debug|Any CPU
		{F08B2994-4D05-423E-A8FE-7D1E8A63472B}.Debug|Any CPU.Build.0 = Debug|Any CPU
		{F08B2994-4D05-423E-A8FE-7D1E8A63472B}.Debug|Mixed Platforms.ActiveCfg = Debug|Any CPU
		{F08B2994-4D05-423E-A8FE-7D1E8A63472B}.Debug|Mixed Platforms.Build.0 = Debug|Any CPU
		{F08B2994-4D05-423E-A8FE-7D1E8A63472B}.Debug|x64.ActiveCfg = Debug|Any CPU
		{F08B2994-4D05-423E-A8FE-7D1E8A63472B}.Debug|x86.ActiveCfg = Debug|Any CPU
		{F08B2994-4D05-423E-A8FE-7D1E8A63472B}.Release|.NET.ActiveCfg = Release|Any CPU
		{F08B2994-4D05-423E-A8FE-7D1E8A63472B}.Release|Any CPU.ActiveCfg = Release|Any CPU
		{F08B2994-4D05-423E-A8FE-7D1E8A63472B}.Release|Any CPU.Build.0 = Release|Any CPU
		{F08B2994-4D05-423E-A8FE-7D1E8A63472B}.Release|Mixed Platforms.ActiveCfg = Release|Any CPU
		{F08B2994-4D05-423E-A8FE-7D1E8A63472B}.Release|Mixed Platforms.Build.0 = Release|Any CPU
		{F08B2994-4D05-423E-A8FE-7D1E8A63472B}.Release|x64.ActiveCfg = Release|Any CPU
		{F08B2994-4D05-423E-A8FE-7D1E8A63472B}.Release|x86.ActiveCfg = Release|Any CPU
		{4F36C758-4A5F-4091-ADE8-BE771B909FD6}.Debug|.NET.ActiveCfg = Debug|Any CPU
		{4F36C758-4A5F-4091-ADE8-BE771B909FD6}.Debug|Any CPU.ActiveCfg = Debug|Any CPU
		{4F36C758-4A5F-4091-ADE8-BE771B909FD6}.Debug|Any CPU.Build.0 = Debug|Any CPU
		{4F36C758-4A5F-4091-ADE8-BE771B909FD6}.Debug|Mixed Platforms.ActiveCfg = Debug|Any CPU
		{4F36C758-4A5F-4091-ADE8-BE771B909FD6}.Debug|Mixed Platforms.Build.0 = Debug|Any CPU
		{4F36C758-4A5F-4091-ADE8-BE771B909FD6}.Debug|x64.ActiveCfg = Debug|Any CPU
		{4F36C758-4A5F-4091-ADE8-BE771B909FD6}.Debug|x86.ActiveCfg = Debug|Any CPU
		{4F36C758-4A5F-4091-ADE8-BE771B909FD6}.Release|.NET.ActiveCfg = Release|Any CPU
		{4F36C758-4A5F-4091-ADE8-BE771B909FD6}.Release|Any CPU.ActiveCfg = Release|Any CPU
		{4F36C758-4A5F-4091-ADE8-BE771B909FD6}.Release|Any CPU.Build.0 = Release|Any CPU
		{4F36C758-4A5F-4091-ADE8-BE771B909FD6}.Release|Mixed Platforms.ActiveCfg = Release|Any CPU
		{4F36C758-4A5F-4091-ADE8-BE771B909FD6}.Release|Mixed Platforms.Build.0 = Release|Any CPU
		{4F36C758-4A5F-4091-ADE8-BE771B909FD6}.Release|x64.ActiveCfg = Release|Any CPU
		{4F36C758-4A5F-4091-ADE8-BE771B909FD6}.Release|x86.ActiveCfg = Release|Any CPU
		{46A18A55-5AE8-49CE-91CD-C7421B642E7E}.Debug|.NET.ActiveCfg = Debug|Any CPU
		{46A18A55-5AE8-49CE-91CD-C7421B642E7E}.Debug|Any CPU.ActiveCfg = Debug|Any CPU
		{46A18A55-5AE8-49CE-91CD-C7421B642E7E}.Debug|Any CPU.Build.0 = Debug|Any CPU
		{46A18A55-5AE8-49CE-91CD-C7421B642E7E}.Debug|Mixed Platforms.ActiveCfg = Debug|Any CPU
		{46A18A55-5AE8-49CE-91CD-C7421B642E7E}.Debug|Mixed Platforms.Build.0 = Debug|Any CPU
		{46A18A55-5AE8-49CE-91CD-C7421B642E7E}.Debug|x64.ActiveCfg = Debug|Any CPU
		{46A18A55-5AE8-49CE-91CD-C7421B642E7E}.Debug|x86.ActiveCfg = Debug|Any CPU
		{46A18A55-5AE8-49CE-91CD-C7421B642E7E}.Release|.NET.ActiveCfg = Release|Any CPU
		{46A18A55-5AE8-49CE-91CD-C7421B642E7E}.Release|Any CPU.ActiveCfg = Release|Any CPU
		{46A18A55-5AE8-49CE-91CD-C7421B642E7E}.Release|Any CPU.Build.0 = Release|Any CPU
		{46A18A55-5AE8-49CE-91CD-C7421B642E7E}.Release|Mixed Platforms.ActiveCfg = Release|Any CPU
		{46A18A55-5AE8-49CE-91CD-C7421B642E7E}.Release|Mixed Platforms.Build.0 = Release|Any CPU
		{46A18A55-5AE8-49CE-91CD-C7421B642E7E}.Release|x64.ActiveCfg = Release|Any CPU
		{46A18A55-5AE8-49CE-91CD-C7421B642E7E}.Release|x86.ActiveCfg = Release|Any CPU
		{4666ABF3-EFE5-49BD-B2E8-9E04F5949145}.Debug|.NET.ActiveCfg = Debug|Any CPU
		{4666ABF3-EFE5-49BD-B2E8-9E04F5949145}.Debug|Any CPU.ActiveCfg = Debug|Any CPU
		{4666ABF3-EFE5-49BD-B2E8-9E04F5949145}.Debug|Any CPU.Build.0 = Debug|Any CPU
		{4666ABF3-EFE5-49BD-B2E8-9E04F5949145}.Debug|Mixed Platforms.ActiveCfg = Debug|Any CPU
		{4666ABF3-EFE5-49BD-B2E8-9E04F5949145}.Debug|Mixed Platforms.Build.0 = Debug|Any CPU
		{4666ABF3-EFE5-49BD-B2E8-9E04F5949145}.Debug|x64.ActiveCfg = Debug|Any CPU
		{4666ABF3-EFE5-49BD-B2E8-9E04F5949145}.Debug|x86.ActiveCfg = Debug|Any CPU
		{4666ABF3-EFE5-49BD-B2E8-9E04F5949145}.Release|.NET.ActiveCfg = Release|Any CPU
		{4666ABF3-EFE5-49BD-B2E8-9E04F5949145}.Release|Any CPU.ActiveCfg = Release|Any CPU
		{4666ABF3-EFE5-49BD-B2E8-9E04F5949145}.Release|Any CPU.Build.0 = Release|Any CPU
		{4666ABF3-EFE5-49BD-B2E8-9E04F5949145}.Release|Mixed Platforms.ActiveCfg = Release|Any CPU
		{4666ABF3-EFE5-49BD-B2E8-9E04F5949145}.Release|Mixed Platforms.Build.0 = Release|Any CPU
		{4666ABF3-EFE5-49BD-B2E8-9E04F5949145}.Release|x64.ActiveCfg = Release|Any CPU
		{4666ABF3-EFE5-49BD-B2E8-9E04F5949145}.Release|x86.ActiveCfg = Release|Any CPU
		{FEBBE5BE-9F58-4967-BBCF-801F1CFCD774}.Debug|.NET.ActiveCfg = Debug|Any CPU
		{FEBBE5BE-9F58-4967-BBCF-801F1CFCD774}.Debug|Any CPU.ActiveCfg = Debug|Any CPU
		{FEBBE5BE-9F58-4967-BBCF-801F1CFCD774}.Debug|Any CPU.Build.0 = Debug|Any CPU
		{FEBBE5BE-9F58-4967-BBCF-801F1CFCD774}.Debug|Mixed Platforms.ActiveCfg = Debug|Any CPU
		{FEBBE5BE-9F58-4967-BBCF-801F1CFCD774}.Debug|Mixed Platforms.Build.0 = Debug|Any CPU
		{FEBBE5BE-9F58-4967-BBCF-801F1CFCD774}.Debug|x64.ActiveCfg = Debug|Any CPU
		{FEBBE5BE-9F58-4967-BBCF-801F1CFCD774}.Debug|x86.ActiveCfg = Debug|Any CPU
		{FEBBE5BE-9F58-4967-BBCF-801F1CFCD774}.Release|.NET.ActiveCfg = Release|Any CPU
		{FEBBE5BE-9F58-4967-BBCF-801F1CFCD774}.Release|Any CPU.ActiveCfg = Release|Any CPU
		{FEBBE5BE-9F58-4967-BBCF-801F1CFCD774}.Release|Any CPU.Build.0 = Release|Any CPU
		{FEBBE5BE-9F58-4967-BBCF-801F1CFCD774}.Release|Mixed Platforms.ActiveCfg = Release|Any CPU
		{FEBBE5BE-9F58-4967-BBCF-801F1CFCD774}.Release|Mixed Platforms.Build.0 = Release|Any CPU
		{FEBBE5BE-9F58-4967-BBCF-801F1CFCD774}.Release|x64.ActiveCfg = Release|Any CPU
		{FEBBE5BE-9F58-4967-BBCF-801F1CFCD774}.Release|x86.ActiveCfg = Release|Any CPU
		{22010032-52DC-464D-B8BB-6CD9BF230D1F}.Debug|.NET.ActiveCfg = Debug|Any CPU
		{22010032-52DC-464D-B8BB-6CD9BF230D1F}.Debug|Any CPU.ActiveCfg = Debug|Any CPU
		{22010032-52DC-464D-B8BB-6CD9BF230D1F}.Debug|Any CPU.Build.0 = Debug|Any CPU
		{22010032-52DC-464D-B8BB-6CD9BF230D1F}.Debug|Mixed Platforms.ActiveCfg = Debug|Any CPU
		{22010032-52DC-464D-B8BB-6CD9BF230D1F}.Debug|Mixed Platforms.Build.0 = Debug|Any CPU
		{22010032-52DC-464D-B8BB-6CD9BF230D1F}.Debug|x64.ActiveCfg = Debug|Any CPU
		{22010032-52DC-464D-B8BB-6CD9BF230D1F}.Debug|x86.ActiveCfg = Debug|Any CPU
		{22010032-52DC-464D-B8BB-6CD9BF230D1F}.Release|.NET.ActiveCfg = Release|Any CPU
		{22010032-52DC-464D-B8BB-6CD9BF230D1F}.Release|Any CPU.ActiveCfg = Release|Any CPU
		{22010032-52DC-464D-B8BB-6CD9BF230D1F}.Release|Any CPU.Build.0 = Release|Any CPU
		{22010032-52DC-464D-B8BB-6CD9BF230D1F}.Release|Mixed Platforms.ActiveCfg = Release|Any CPU
		{22010032-52DC-464D-B8BB-6CD9BF230D1F}.Release|Mixed Platforms.Build.0 = Release|Any CPU
		{22010032-52DC-464D-B8BB-6CD9BF230D1F}.Release|x64.ActiveCfg = Release|Any CPU
		{22010032-52DC-464D-B8BB-6CD9BF230D1F}.Release|x86.ActiveCfg = Release|Any CPU
		{5384CE57-1F94-4D22-860D-2E9C1AC12DDF}.Debug|.NET.ActiveCfg = Debug|Any CPU
		{5384CE57-1F94-4D22-860D-2E9C1AC12DDF}.Debug|Any CPU.ActiveCfg = Debug|Any CPU
		{5384CE57-1F94-4D22-860D-2E9C1AC12DDF}.Debug|Any CPU.Build.0 = Debug|Any CPU
		{5384CE57-1F94-4D22-860D-2E9C1AC12DDF}.Debug|Mixed Platforms.ActiveCfg = Debug|Any CPU
		{5384CE57-1F94-4D22-860D-2E9C1AC12DDF}.Debug|Mixed Platforms.Build.0 = Debug|Any CPU
		{5384CE57-1F94-4D22-860D-2E9C1AC12DDF}.Debug|x64.ActiveCfg = Debug|Any CPU
		{5384CE57-1F94-4D22-860D-2E9C1AC12DDF}.Debug|x86.ActiveCfg = Debug|Any CPU
		{5384CE57-1F94-4D22-860D-2E9C1AC12DDF}.Release|.NET.ActiveCfg = Release|Any CPU
		{5384CE57-1F94-4D22-860D-2E9C1AC12DDF}.Release|Any CPU.ActiveCfg = Release|Any CPU
		{5384CE57-1F94-4D22-860D-2E9C1AC12DDF}.Release|Any CPU.Build.0 = Release|Any CPU
		{5384CE57-1F94-4D22-860D-2E9C1AC12DDF}.Release|Mixed Platforms.ActiveCfg = Release|Any CPU
		{5384CE57-1F94-4D22-860D-2E9C1AC12DDF}.Release|Mixed Platforms.Build.0 = Release|Any CPU
		{5384CE57-1F94-4D22-860D-2E9C1AC12DDF}.Release|x64.ActiveCfg = Release|Any CPU
		{5384CE57-1F94-4D22-860D-2E9C1AC12DDF}.Release|x86.ActiveCfg = Release|Any CPU
		{EE4C6F96-8E7B-41F2-9F0A-3F0D6403A8B8}.Debug|.NET.ActiveCfg = Debug|x86
		{EE4C6F96-8E7B-41F2-9F0A-3F0D6403A8B8}.Debug|Any CPU.ActiveCfg = Debug|x86
		{EE4C6F96-8E7B-41F2-9F0A-3F0D6403A8B8}.Debug|Mixed Platforms.ActiveCfg = Debug|x86
		{EE4C6F96-8E7B-41F2-9F0A-3F0D6403A8B8}.Debug|Mixed Platforms.Build.0 = Debug|x86
		{EE4C6F96-8E7B-41F2-9F0A-3F0D6403A8B8}.Debug|x64.ActiveCfg = Debug|x86
		{EE4C6F96-8E7B-41F2-9F0A-3F0D6403A8B8}.Debug|x86.ActiveCfg = Debug|x86
		{EE4C6F96-8E7B-41F2-9F0A-3F0D6403A8B8}.Debug|x86.Build.0 = Debug|x86
		{EE4C6F96-8E7B-41F2-9F0A-3F0D6403A8B8}.Release|.NET.ActiveCfg = Release|x86
		{EE4C6F96-8E7B-41F2-9F0A-3F0D6403A8B8}.Release|Any CPU.ActiveCfg = Release|x86
		{EE4C6F96-8E7B-41F2-9F0A-3F0D6403A8B8}.Release|Mixed Platforms.ActiveCfg = Release|x86
		{EE4C6F96-8E7B-41F2-9F0A-3F0D6403A8B8}.Release|Mixed Platforms.Build.0 = Release|x86
		{EE4C6F96-8E7B-41F2-9F0A-3F0D6403A8B8}.Release|x64.ActiveCfg = Release|x86
		{EE4C6F96-8E7B-41F2-9F0A-3F0D6403A8B8}.Release|x86.ActiveCfg = Release|x86
		{EE4C6F96-8E7B-41F2-9F0A-3F0D6403A8B8}.Release|x86.Build.0 = Release|x86
		{4DBFE2CF-45E4-4594-8E6A-5EBC2EEF85AE}.Debug|.NET.ActiveCfg = Debug|x86
		{4DBFE2CF-45E4-4594-8E6A-5EBC2EEF85AE}.Debug|Any CPU.ActiveCfg = Debug|x86
		{4DBFE2CF-45E4-4594-8E6A-5EBC2EEF85AE}.Debug|Mixed Platforms.ActiveCfg = Debug|x86
		{4DBFE2CF-45E4-4594-8E6A-5EBC2EEF85AE}.Debug|Mixed Platforms.Build.0 = Debug|x86
		{4DBFE2CF-45E4-4594-8E6A-5EBC2EEF85AE}.Debug|x64.ActiveCfg = Debug|x86
		{4DBFE2CF-45E4-4594-8E6A-5EBC2EEF85AE}.Debug|x86.ActiveCfg = Debug|x86
		{4DBFE2CF-45E4-4594-8E6A-5EBC2EEF85AE}.Debug|x86.Build.0 = Debug|x86
		{4DBFE2CF-45E4-4594-8E6A-5EBC2EEF85AE}.Release|.NET.ActiveCfg = Release|x86
		{4DBFE2CF-45E4-4594-8E6A-5EBC2EEF85AE}.Release|Any CPU.ActiveCfg = Release|x86
		{4DBFE2CF-45E4-4594-8E6A-5EBC2EEF85AE}.Release|Mixed Platforms.ActiveCfg = Release|x86
		{4DBFE2CF-45E4-4594-8E6A-5EBC2EEF85AE}.Release|Mixed Platforms.Build.0 = Release|x86
		{4DBFE2CF-45E4-4594-8E6A-5EBC2EEF85AE}.Release|x64.ActiveCfg = Release|x86
		{4DBFE2CF-45E4-4594-8E6A-5EBC2EEF85AE}.Release|x86.ActiveCfg = Release|x86
		{4DBFE2CF-45E4-4594-8E6A-5EBC2EEF85AE}.Release|x86.Build.0 = Release|x86
		{32817BF9-E380-4467-9C7F-936F4B122BC7}.Debug|.NET.ActiveCfg = Debug|Any CPU
		{32817BF9-E380-4467-9C7F-936F4B122BC7}.Debug|Any CPU.ActiveCfg = Debug|Any CPU
		{32817BF9-E380-4467-9C7F-936F4B122BC7}.Debug|Any CPU.Build.0 = Debug|Any CPU
		{32817BF9-E380-4467-9C7F-936F4B122BC7}.Debug|Mixed Platforms.ActiveCfg = Debug|Any CPU
		{32817BF9-E380-4467-9C7F-936F4B122BC7}.Debug|Mixed Platforms.Build.0 = Debug|Any CPU
		{32817BF9-E380-4467-9C7F-936F4B122BC7}.Debug|x64.ActiveCfg = Debug|Any CPU
		{32817BF9-E380-4467-9C7F-936F4B122BC7}.Debug|x86.ActiveCfg = Debug|Any CPU
		{32817BF9-E380-4467-9C7F-936F4B122BC7}.Release|.NET.ActiveCfg = Release|Any CPU
		{32817BF9-E380-4467-9C7F-936F4B122BC7}.Release|Any CPU.ActiveCfg = Release|Any CPU
		{32817BF9-E380-4467-9C7F-936F4B122BC7}.Release|Any CPU.Build.0 = Release|Any CPU
		{32817BF9-E380-4467-9C7F-936F4B122BC7}.Release|Mixed Platforms.ActiveCfg = Release|Any CPU
		{32817BF9-E380-4467-9C7F-936F4B122BC7}.Release|Mixed Platforms.Build.0 = Release|Any CPU
		{32817BF9-E380-4467-9C7F-936F4B122BC7}.Release|x64.ActiveCfg = Release|Any CPU
		{32817BF9-E380-4467-9C7F-936F4B122BC7}.Release|x86.ActiveCfg = Release|Any CPU
		{0BDD7246-1203-4C44-AC01-604801A1AF57}.Debug|.NET.ActiveCfg = Debug|Any CPU
		{0BDD7246-1203-4C44-AC01-604801A1AF57}.Debug|Any CPU.ActiveCfg = Debug|Any CPU
		{0BDD7246-1203-4C44-AC01-604801A1AF57}.Debug|Any CPU.Build.0 = Debug|Any CPU
		{0BDD7246-1203-4C44-AC01-604801A1AF57}.Debug|Mixed Platforms.ActiveCfg = Debug|Any CPU
		{0BDD7246-1203-4C44-AC01-604801A1AF57}.Debug|Mixed Platforms.Build.0 = Debug|Any CPU
		{0BDD7246-1203-4C44-AC01-604801A1AF57}.Debug|x64.ActiveCfg = Debug|Any CPU
		{0BDD7246-1203-4C44-AC01-604801A1AF57}.Debug|x86.ActiveCfg = Debug|Any CPU
		{0BDD7246-1203-4C44-AC01-604801A1AF57}.Release|.NET.ActiveCfg = Release|Any CPU
		{0BDD7246-1203-4C44-AC01-604801A1AF57}.Release|Any CPU.ActiveCfg = Release|Any CPU
		{0BDD7246-1203-4C44-AC01-604801A1AF57}.Release|Any CPU.Build.0 = Release|Any CPU
		{0BDD7246-1203-4C44-AC01-604801A1AF57}.Release|Mixed Platforms.ActiveCfg = Release|Any CPU
		{0BDD7246-1203-4C44-AC01-604801A1AF57}.Release|Mixed Platforms.Build.0 = Release|Any CPU
		{0BDD7246-1203-4C44-AC01-604801A1AF57}.Release|x64.ActiveCfg = Release|Any CPU
		{0BDD7246-1203-4C44-AC01-604801A1AF57}.Release|x86.ActiveCfg = Release|Any CPU
		{0AC963ED-4835-41D8-9BE2-57623402819D}.Debug|.NET.ActiveCfg = Debug|x86
		{0AC963ED-4835-41D8-9BE2-57623402819D}.Debug|Any CPU.ActiveCfg = Debug|Any CPU
		{0AC963ED-4835-41D8-9BE2-57623402819D}.Debug|Any CPU.Build.0 = Debug|Any CPU
		{0AC963ED-4835-41D8-9BE2-57623402819D}.Debug|Mixed Platforms.ActiveCfg = Debug|x86
		{0AC963ED-4835-41D8-9BE2-57623402819D}.Debug|Mixed Platforms.Build.0 = Debug|x86
		{0AC963ED-4835-41D8-9BE2-57623402819D}.Debug|x64.ActiveCfg = Debug|x86
		{0AC963ED-4835-41D8-9BE2-57623402819D}.Debug|x86.ActiveCfg = Debug|x86
		{0AC963ED-4835-41D8-9BE2-57623402819D}.Debug|x86.Build.0 = Debug|x86
		{0AC963ED-4835-41D8-9BE2-57623402819D}.Release|.NET.ActiveCfg = Release|x86
		{0AC963ED-4835-41D8-9BE2-57623402819D}.Release|Any CPU.ActiveCfg = Release|Any CPU
		{0AC963ED-4835-41D8-9BE2-57623402819D}.Release|Any CPU.Build.0 = Release|Any CPU
		{0AC963ED-4835-41D8-9BE2-57623402819D}.Release|Mixed Platforms.ActiveCfg = Release|x86
		{0AC963ED-4835-41D8-9BE2-57623402819D}.Release|Mixed Platforms.Build.0 = Release|x86
		{0AC963ED-4835-41D8-9BE2-57623402819D}.Release|x64.ActiveCfg = Release|x86
		{0AC963ED-4835-41D8-9BE2-57623402819D}.Release|x86.ActiveCfg = Release|x86
		{0AC963ED-4835-41D8-9BE2-57623402819D}.Release|x86.Build.0 = Release|x86
		{D0C39D9D-BED0-418B-9A5E-713176CAF40C}.Debug|.NET.ActiveCfg = Debug|Any CPU
		{D0C39D9D-BED0-418B-9A5E-713176CAF40C}.Debug|Any CPU.ActiveCfg = Debug|Any CPU
		{D0C39D9D-BED0-418B-9A5E-713176CAF40C}.Debug|Any CPU.Build.0 = Debug|Any CPU
		{D0C39D9D-BED0-418B-9A5E-713176CAF40C}.Debug|Mixed Platforms.ActiveCfg = Debug|Any CPU
		{D0C39D9D-BED0-418B-9A5E-713176CAF40C}.Debug|Mixed Platforms.Build.0 = Debug|Any CPU
		{D0C39D9D-BED0-418B-9A5E-713176CAF40C}.Debug|x64.ActiveCfg = Debug|Any CPU
		{D0C39D9D-BED0-418B-9A5E-713176CAF40C}.Debug|x86.ActiveCfg = Debug|Any CPU
		{D0C39D9D-BED0-418B-9A5E-713176CAF40C}.Release|.NET.ActiveCfg = Release|Any CPU
		{D0C39D9D-BED0-418B-9A5E-713176CAF40C}.Release|Any CPU.ActiveCfg = Release|Any CPU
		{D0C39D9D-BED0-418B-9A5E-713176CAF40C}.Release|Any CPU.Build.0 = Release|Any CPU
		{D0C39D9D-BED0-418B-9A5E-713176CAF40C}.Release|Mixed Platforms.ActiveCfg = Release|Any CPU
		{D0C39D9D-BED0-418B-9A5E-713176CAF40C}.Release|Mixed Platforms.Build.0 = Release|Any CPU
		{D0C39D9D-BED0-418B-9A5E-713176CAF40C}.Release|x64.ActiveCfg = Release|Any CPU
		{D0C39D9D-BED0-418B-9A5E-713176CAF40C}.Release|x86.ActiveCfg = Release|Any CPU
		{E06DEF77-F933-42FB-AFD7-DB2D0D8D6A98}.Debug|.NET.ActiveCfg = Debug|Any CPU
		{E06DEF77-F933-42FB-AFD7-DB2D0D8D6A98}.Debug|Any CPU.ActiveCfg = Debug|Any CPU
		{E06DEF77-F933-42FB-AFD7-DB2D0D8D6A98}.Debug|Any CPU.Build.0 = Debug|Any CPU
		{E06DEF77-F933-42FB-AFD7-DB2D0D8D6A98}.Debug|Mixed Platforms.ActiveCfg = Debug|Any CPU
		{E06DEF77-F933-42FB-AFD7-DB2D0D8D6A98}.Debug|Mixed Platforms.Build.0 = Debug|Any CPU
		{E06DEF77-F933-42FB-AFD7-DB2D0D8D6A98}.Debug|x64.ActiveCfg = Debug|Any CPU
		{E06DEF77-F933-42FB-AFD7-DB2D0D8D6A98}.Debug|x86.ActiveCfg = Debug|Any CPU
		{E06DEF77-F933-42FB-AFD7-DB2D0D8D6A98}.Release|.NET.ActiveCfg = Release|Any CPU
		{E06DEF77-F933-42FB-AFD7-DB2D0D8D6A98}.Release|Any CPU.ActiveCfg = Release|Any CPU
		{E06DEF77-F933-42FB-AFD7-DB2D0D8D6A98}.Release|Any CPU.Build.0 = Release|Any CPU
		{E06DEF77-F933-42FB-AFD7-DB2D0D8D6A98}.Release|Mixed Platforms.ActiveCfg = Release|Any CPU
		{E06DEF77-F933-42FB-AFD7-DB2D0D8D6A98}.Release|Mixed Platforms.Build.0 = Release|Any CPU
		{E06DEF77-F933-42FB-AFD7-DB2D0D8D6A98}.Release|x64.ActiveCfg = Release|Any CPU
		{E06DEF77-F933-42FB-AFD7-DB2D0D8D6A98}.Release|x86.ActiveCfg = Release|Any CPU
		{A2E07A76-8B2C-41A2-B23E-EA31AE94D706}.Debug|.NET.ActiveCfg = Debug|Any CPU
		{A2E07A76-8B2C-41A2-B23E-EA31AE94D706}.Debug|Any CPU.ActiveCfg = Debug|Any CPU
		{A2E07A76-8B2C-41A2-B23E-EA31AE94D706}.Debug|Any CPU.Build.0 = Debug|Any CPU
		{A2E07A76-8B2C-41A2-B23E-EA31AE94D706}.Debug|Mixed Platforms.ActiveCfg = Debug|Any CPU
		{A2E07A76-8B2C-41A2-B23E-EA31AE94D706}.Debug|Mixed Platforms.Build.0 = Debug|Any CPU
		{A2E07A76-8B2C-41A2-B23E-EA31AE94D706}.Debug|x64.ActiveCfg = Debug|Any CPU
		{A2E07A76-8B2C-41A2-B23E-EA31AE94D706}.Debug|x86.ActiveCfg = Debug|Any CPU
		{A2E07A76-8B2C-41A2-B23E-EA31AE94D706}.Release|.NET.ActiveCfg = Release|Any CPU
		{A2E07A76-8B2C-41A2-B23E-EA31AE94D706}.Release|Any CPU.ActiveCfg = Release|Any CPU
		{A2E07A76-8B2C-41A2-B23E-EA31AE94D706}.Release|Any CPU.Build.0 = Release|Any CPU
		{A2E07A76-8B2C-41A2-B23E-EA31AE94D706}.Release|Mixed Platforms.ActiveCfg = Release|Any CPU
		{A2E07A76-8B2C-41A2-B23E-EA31AE94D706}.Release|Mixed Platforms.Build.0 = Release|Any CPU
		{A2E07A76-8B2C-41A2-B23E-EA31AE94D706}.Release|x64.ActiveCfg = Release|Any CPU
		{A2E07A76-8B2C-41A2-B23E-EA31AE94D706}.Release|x86.ActiveCfg = Release|Any CPU
		{9CA367B8-0B98-49D1-84FB-735E612E3BA9}.Debug|.NET.ActiveCfg = Debug|Any CPU
		{9CA367B8-0B98-49D1-84FB-735E612E3BA9}.Debug|Any CPU.ActiveCfg = Debug|Any CPU
		{9CA367B8-0B98-49D1-84FB-735E612E3BA9}.Debug|Any CPU.Build.0 = Debug|Any CPU
		{9CA367B8-0B98-49D1-84FB-735E612E3BA9}.Debug|Mixed Platforms.ActiveCfg = Debug|Any CPU
		{9CA367B8-0B98-49D1-84FB-735E612E3BA9}.Debug|Mixed Platforms.Build.0 = Debug|Any CPU
		{9CA367B8-0B98-49D1-84FB-735E612E3BA9}.Debug|x64.ActiveCfg = Debug|Any CPU
		{9CA367B8-0B98-49D1-84FB-735E612E3BA9}.Debug|x86.ActiveCfg = Debug|Any CPU
		{9CA367B8-0B98-49D1-84FB-735E612E3BA9}.Release|.NET.ActiveCfg = Release|Any CPU
		{9CA367B8-0B98-49D1-84FB-735E612E3BA9}.Release|Any CPU.ActiveCfg = Release|Any CPU
		{9CA367B8-0B98-49D1-84FB-735E612E3BA9}.Release|Any CPU.Build.0 = Release|Any CPU
		{9CA367B8-0B98-49D1-84FB-735E612E3BA9}.Release|Mixed Platforms.ActiveCfg = Release|Any CPU
		{9CA367B8-0B98-49D1-84FB-735E612E3BA9}.Release|Mixed Platforms.Build.0 = Release|Any CPU
		{9CA367B8-0B98-49D1-84FB-735E612E3BA9}.Release|x64.ActiveCfg = Release|Any CPU
		{9CA367B8-0B98-49D1-84FB-735E612E3BA9}.Release|x86.ActiveCfg = Release|Any CPU
	EndGlobalSection
	GlobalSection(SolutionProperties) = preSolution
		HideSolutionNode = FALSE
	EndGlobalSection
EndGlobal
