
Microsoft Visual Studio Solution File, Format Version 10.00
# Visual Studio 2008
Project("{FAE04EC0-301F-11D3-BF4B-00C04F79EFBC}") = "SyntechRpt", "SyntechRpt\SyntechRpt.csproj", "{2853C80B-5274-4202-8926-FC66CE077EC4}"
EndProject
Project("{FAE04EC0-301F-11D3-BF4B-00C04F79EFBC}") = "Accounting", "..\Accounting\Accounting.csproj", "{48CE4638-1DB4-4919-914E-EF2141F393BC}"
EndProject
Project("{FAE04EC0-301F-11D3-BF4B-00C04F79EFBC}") = "Accounting.Db.Myob", "..\Accounting.Db.Myob\Accounting.Db.Myob.csproj", "{3898ABE0-5FD7-43F3-BE5F-57B57A58914E}"
EndProject
Project("{FAE04EC0-301F-11D3-BF4B-00C04F79EFBC}") = "SwissArmyKnife", "..\SwissArmyKnife\SwissArmyKnife.csproj", "{9199B8AA-4D8D-4328-AE2E-9A010303E714}"
EndProject
Project("{FAE04EC0-301F-11D3-BF4B-00C04F79EFBC}") = "CoDac", "CoDac\CoDac.csproj", "{262D2FBB-E955-43A0-BDE0-45132BAD482D}"
EndProject
Project("{FAE04EC0-301F-11D3-BF4B-00C04F79EFBC}") = "ExpandableGridView", "..\TreeGridView\ExpandableGridView.csproj", "{2EFE526F-79B3-49BC-9575-A7B258C59BB5}"
EndProject
Project("{FAE04EC0-301F-11D3-BF4B-00C04F79EFBC}") = "Accounting.Bll", "..\Accounting.Bll\Accounting.Bll.csproj", "{770B6287-3688-4B24-B7D0-2E6002EA427A}"
EndProject
Project("{FAE04EC0-301F-11D3-BF4B-00C04F79EFBC}") = "Accounting.Bll.Myob", "..\Accounting.Bll.Myob\Accounting.Bll.Myob.csproj", "{DDD8FCD5-F75E-4876-AD1B-72BE13F7BEDB}"
EndProject
Project("{FAE04EC0-301F-11D3-BF4B-00C04F79EFBC}") = "Accounting.Report", "..\Accounting.Report\Accounting.Report.csproj", "{F730F20D-F622-41CA-9E4F-6D7F97A5E0E0}"
EndProject
Project("{FAE04EC0-301F-11D3-BF4B-00C04F79EFBC}") = "System.Windows.Forms.Ribbon", "..\System.Windows.Forms.Ribbon\System.Windows.Forms.Ribbon.csproj", "{46A18A55-5AE8-49CE-91CD-C7421B642E7E}"
EndProject
Project("{FAE04EC0-301F-11D3-BF4B-00C04F79EFBC}") = "Accounting.Db.Im", "..\Accounting.Db.Im\Accounting.Db.Im.csproj", "{F880F3FE-9745-460E-9ED4-B20864D59103}"
EndProject
Project("{FAE04EC0-301F-11D3-BF4B-00C04F79EFBC}") = "Accounting.Db.OleDb", "..\Accounting.Db.OleDb\Accounting.Db.OleDb.csproj", "{E6468536-85AC-41A8-9C4C-08442D8C54F3}"
EndProject
Project("{FAE04EC0-301F-11D3-BF4B-00C04F79EFBC}") = "Accounting.Bll.SqlCe", "..\Accounting.Bll.SqlCe\Accounting.Bll.SqlCe.csproj", "{0B5DDC6E-0178-4DA7-AAC7-331B45399F28}"
EndProject
Project("{FAE04EC0-301F-11D3-BF4B-00C04F79EFBC}") = "Accounting.Db.SqlCe", "..\Accounting.Db.SqlCe\Accounting.Db.SqlCe.csproj", "{5F1DC1CC-9FF1-4D43-8C0D-C79F96F821CD}"
EndProject
Project("{FAE04EC0-301F-11D3-BF4B-00C04F79EFBC}") = "Doddle.Reporting", "..\Doddle.Reporting\Doddle.Reporting.csproj", "{F08B2994-4D05-423E-A8FE-7D1E8A63472B}"
EndProject
Project("{FAE04EC0-301F-11D3-BF4B-00C04F79EFBC}") = "PdfSharp", "..\PDFsharp\code\PdfSharp\PdfSharp.csproj", "{5384CE57-1F94-4D22-860D-2E9C1AC12DDF}"
EndProject
Project("{FAE04EC0-301F-11D3-BF4B-00C04F79EFBC}") = "MigraDoc.DocumentObjectModel", "..\MigraDoc\code\MigraDoc.DocumentObjectModel\MigraDoc.DocumentObjectModel.csproj", "{4666ABF3-EFE5-49BD-B2E8-9E04F5949145}"
EndProject
Project("{FAE04EC0-301F-11D3-BF4B-00C04F79EFBC}") = "MigraDoc.Rendering", "..\MigraDoc\code\MigraDoc.Rendering\MigraDoc.Rendering.csproj", "{FEBBE5BE-9F58-4967-BBCF-801F1CFCD774}"
EndProject
Project("{FAE04EC0-301F-11D3-BF4B-00C04F79EFBC}") = "PdfSharp.Charting", "..\PDFsharp\code\PdfSharp.Charting\PdfSharp.Charting.csproj", "{CFDB7D46-EA8D-47DE-B10A-9E755A1B48BA}"
EndProject
Project("{FAE04EC0-301F-11D3-BF4B-00C04F79EFBC}") = "MigraDoc.RtfRendering", "..\MigraDoc\code\MigraDoc.RtfRendering\MigraDoc.RtfRendering.csproj", "{22010032-52DC-464D-B8BB-6CD9BF230D1F}"
EndProject
Project("{FAE04EC0-301F-11D3-BF4B-00C04F79EFBC}") = "SwissArmyKnife.Forms", "..\SwissArmyKnife.Forms\SwissArmyKnife.Forms.csproj", "{4F36C758-4A5F-4091-ADE8-BE771B909FD6}"
EndProject
Project("{FAE04EC0-301F-11D3-BF4B-00C04F79EFBC}") = "Accounting.Db.MySQL", "..\Accounting.Db.MySQL\Accounting.Db.MySQL.csproj", "{FEB1EAD6-3AE1-42C1-B4DB-FEE1C0681055}"
EndProject
Project("{FAE04EC0-301F-11D3-BF4B-00C04F79EFBC}") = "Accounting.Db.SqlClient", "..\Accounting.Db.SqlClient\Accounting.Db.SqlClient.csproj", "{E346F030-E0F4-4CA1-965A-934E5150CD13}"
EndProject
Global
	GlobalSection(SolutionConfigurationPlatforms) = preSolution
		Debug|Any CPU = Debug|Any CPU
		Debug|Mixed Platforms = Debug|Mixed Platforms
		Debug|x86 = Debug|x86
		Release|Any CPU = Release|Any CPU
		Release|Mixed Platforms = Release|Mixed Platforms
		Release|x86 = Release|x86
	EndGlobalSection
	GlobalSection(ProjectConfigurationPlatforms) = postSolution
		{2853C80B-5274-4202-8926-FC66CE077EC4}.Debug|Any CPU.ActiveCfg = Debug|Any CPU
		{2853C80B-5274-4202-8926-FC66CE077EC4}.Debug|Any CPU.Build.0 = Debug|Any CPU
		{2853C80B-5274-4202-8926-FC66CE077EC4}.Debug|Mixed Platforms.ActiveCfg = Debug|Any CPU
		{2853C80B-5274-4202-8926-FC66CE077EC4}.Debug|Mixed Platforms.Build.0 = Debug|Any CPU
		{2853C80B-5274-4202-8926-FC66CE077EC4}.Debug|x86.ActiveCfg = Debug|Any CPU
		{2853C80B-5274-4202-8926-FC66CE077EC4}.Release|Any CPU.ActiveCfg = Release|Any CPU
		{2853C80B-5274-4202-8926-FC66CE077EC4}.Release|Any CPU.Build.0 = Release|Any CPU
		{2853C80B-5274-4202-8926-FC66CE077EC4}.Release|Mixed Platforms.ActiveCfg = Release|Any CPU
		{2853C80B-5274-4202-8926-FC66CE077EC4}.Release|Mixed Platforms.Build.0 = Release|Any CPU
		{2853C80B-5274-4202-8926-FC66CE077EC4}.Release|x86.ActiveCfg = Release|Any CPU
		{48CE4638-1DB4-4919-914E-EF2141F393BC}.Debug|Any CPU.ActiveCfg = Debug|Any CPU
		{48CE4638-1DB4-4919-914E-EF2141F393BC}.Debug|Any CPU.Build.0 = Debug|Any CPU
		{48CE4638-1DB4-4919-914E-EF2141F393BC}.Debug|Mixed Platforms.ActiveCfg = Debug|Any CPU
		{48CE4638-1DB4-4919-914E-EF2141F393BC}.Debug|Mixed Platforms.Build.0 = Debug|Any CPU
		{48CE4638-1DB4-4919-914E-EF2141F393BC}.Debug|x86.ActiveCfg = Debug|Any CPU
		{48CE4638-1DB4-4919-914E-EF2141F393BC}.Release|Any CPU.ActiveCfg = Release|Any CPU
		{48CE4638-1DB4-4919-914E-EF2141F393BC}.Release|Any CPU.Build.0 = Release|Any CPU
		{48CE4638-1DB4-4919-914E-EF2141F393BC}.Release|Mixed Platforms.ActiveCfg = Release|Any CPU
		{48CE4638-1DB4-4919-914E-EF2141F393BC}.Release|Mixed Platforms.Build.0 = Release|Any CPU
		{48CE4638-1DB4-4919-914E-EF2141F393BC}.Release|x86.ActiveCfg = Release|Any CPU
		{3898ABE0-5FD7-43F3-BE5F-57B57A58914E}.Debug|Any CPU.ActiveCfg = Debug|Any CPU
		{3898ABE0-5FD7-43F3-BE5F-57B57A58914E}.Debug|Any CPU.Build.0 = Debug|Any CPU
		{3898ABE0-5FD7-43F3-BE5F-57B57A58914E}.Debug|Mixed Platforms.ActiveCfg = Debug|Any CPU
		{3898ABE0-5FD7-43F3-BE5F-57B57A58914E}.Debug|Mixed Platforms.Build.0 = Debug|Any CPU
		{3898ABE0-5FD7-43F3-BE5F-57B57A58914E}.Debug|x86.ActiveCfg = Debug|Any CPU
		{3898ABE0-5FD7-43F3-BE5F-57B57A58914E}.Release|Any CPU.ActiveCfg = Release|Any CPU
		{3898ABE0-5FD7-43F3-BE5F-57B57A58914E}.Release|Any CPU.Build.0 = Release|Any CPU
		{3898ABE0-5FD7-43F3-BE5F-57B57A58914E}.Release|Mixed Platforms.ActiveCfg = Release|Any CPU
		{3898ABE0-5FD7-43F3-BE5F-57B57A58914E}.Release|Mixed Platforms.Build.0 = Release|Any CPU
		{3898ABE0-5FD7-43F3-BE5F-57B57A58914E}.Release|x86.ActiveCfg = Release|Any CPU
		{9199B8AA-4D8D-4328-AE2E-9A010303E714}.Debug|Any CPU.ActiveCfg = Debug|Any CPU
		{9199B8AA-4D8D-4328-AE2E-9A010303E714}.Debug|Any CPU.Build.0 = Debug|Any CPU
		{9199B8AA-4D8D-4328-AE2E-9A010303E714}.Debug|Mixed Platforms.ActiveCfg = Debug|Any CPU
		{9199B8AA-4D8D-4328-AE2E-9A010303E714}.Debug|Mixed Platforms.Build.0 = Debug|Any CPU
		{9199B8AA-4D8D-4328-AE2E-9A010303E714}.Debug|x86.ActiveCfg = Debug|Any CPU
		{9199B8AA-4D8D-4328-AE2E-9A010303E714}.Release|Any CPU.ActiveCfg = Release|Any CPU
		{9199B8AA-4D8D-4328-AE2E-9A010303E714}.Release|Any CPU.Build.0 = Release|Any CPU
		{9199B8AA-4D8D-4328-AE2E-9A010303E714}.Release|Mixed Platforms.ActiveCfg = Release|Any CPU
		{9199B8AA-4D8D-4328-AE2E-9A010303E714}.Release|Mixed Platforms.Build.0 = Release|Any CPU
		{9199B8AA-4D8D-4328-AE2E-9A010303E714}.Release|x86.ActiveCfg = Release|Any CPU
		{262D2FBB-E955-43A0-BDE0-45132BAD482D}.Debug|Any CPU.ActiveCfg = Debug|x86
		{262D2FBB-E955-43A0-BDE0-45132BAD482D}.Debug|Mixed Platforms.ActiveCfg = Debug|x86
		{262D2FBB-E955-43A0-BDE0-45132BAD482D}.Debug|Mixed Platforms.Build.0 = Debug|x86
		{262D2FBB-E955-43A0-BDE0-45132BAD482D}.Debug|x86.ActiveCfg = Debug|x86
		{262D2FBB-E955-43A0-BDE0-45132BAD482D}.Debug|x86.Build.0 = Debug|x86
		{262D2FBB-E955-43A0-BDE0-45132BAD482D}.Release|Any CPU.ActiveCfg = Release|x86
		{262D2FBB-E955-43A0-BDE0-45132BAD482D}.Release|Mixed Platforms.ActiveCfg = Release|x86
		{262D2FBB-E955-43A0-BDE0-45132BAD482D}.Release|Mixed Platforms.Build.0 = Release|x86
		{262D2FBB-E955-43A0-BDE0-45132BAD482D}.Release|x86.ActiveCfg = Release|x86
		{262D2FBB-E955-43A0-BDE0-45132BAD482D}.Release|x86.Build.0 = Release|x86
		{2EFE526F-79B3-49BC-9575-A7B258C59BB5}.Debug|Any CPU.ActiveCfg = Debug|Any CPU
		{2EFE526F-79B3-49BC-9575-A7B258C59BB5}.Debug|Any CPU.Build.0 = Debug|Any CPU
		{2EFE526F-79B3-49BC-9575-A7B258C59BB5}.Debug|Mixed Platforms.ActiveCfg = Debug|Any CPU
		{2EFE526F-79B3-49BC-9575-A7B258C59BB5}.Debug|Mixed Platforms.Build.0 = Debug|Any CPU
		{2EFE526F-79B3-49BC-9575-A7B258C59BB5}.Debug|x86.ActiveCfg = Debug|Any CPU
		{2EFE526F-79B3-49BC-9575-A7B258C59BB5}.Release|Any CPU.ActiveCfg = Release|Any CPU
		{2EFE526F-79B3-49BC-9575-A7B258C59BB5}.Release|Any CPU.Build.0 = Release|Any CPU
		{2EFE526F-79B3-49BC-9575-A7B258C59BB5}.Release|Mixed Platforms.ActiveCfg = Release|Any CPU
		{2EFE526F-79B3-49BC-9575-A7B258C59BB5}.Release|Mixed Platforms.Build.0 = Release|Any CPU
		{2EFE526F-79B3-49BC-9575-A7B258C59BB5}.Release|x86.ActiveCfg = Release|Any CPU
		{770B6287-3688-4B24-B7D0-2E6002EA427A}.Debug|Any CPU.ActiveCfg = Debug|Any CPU
		{770B6287-3688-4B24-B7D0-2E6002EA427A}.Debug|Any CPU.Build.0 = Debug|Any CPU
		{770B6287-3688-4B24-B7D0-2E6002EA427A}.Debug|Mixed Platforms.ActiveCfg = Debug|Any CPU
		{770B6287-3688-4B24-B7D0-2E6002EA427A}.Debug|Mixed Platforms.Build.0 = Debug|Any CPU
		{770B6287-3688-4B24-B7D0-2E6002EA427A}.Debug|x86.ActiveCfg = Debug|Any CPU
		{770B6287-3688-4B24-B7D0-2E6002EA427A}.Release|Any CPU.ActiveCfg = Release|Any CPU
		{770B6287-3688-4B24-B7D0-2E6002EA427A}.Release|Any CPU.Build.0 = Release|Any CPU
		{770B6287-3688-4B24-B7D0-2E6002EA427A}.Release|Mixed Platforms.ActiveCfg = Release|Any CPU
		{770B6287-3688-4B24-B7D0-2E6002EA427A}.Release|Mixed Platforms.Build.0 = Release|Any CPU
		{770B6287-3688-4B24-B7D0-2E6002EA427A}.Release|x86.ActiveCfg = Release|Any CPU
		{DDD8FCD5-F75E-4876-AD1B-72BE13F7BEDB}.Debug|Any CPU.ActiveCfg = Debug|Any CPU
		{DDD8FCD5-F75E-4876-AD1B-72BE13F7BEDB}.Debug|Any CPU.Build.0 = Debug|Any CPU
		{DDD8FCD5-F75E-4876-AD1B-72BE13F7BEDB}.Debug|Mixed Platforms.ActiveCfg = Debug|Any CPU
		{DDD8FCD5-F75E-4876-AD1B-72BE13F7BEDB}.Debug|Mixed Platforms.Build.0 = Debug|Any CPU
		{DDD8FCD5-F75E-4876-AD1B-72BE13F7BEDB}.Debug|x86.ActiveCfg = Debug|Any CPU
		{DDD8FCD5-F75E-4876-AD1B-72BE13F7BEDB}.Release|Any CPU.ActiveCfg = Release|Any CPU
		{DDD8FCD5-F75E-4876-AD1B-72BE13F7BEDB}.Release|Any CPU.Build.0 = Release|Any CPU
		{DDD8FCD5-F75E-4876-AD1B-72BE13F7BEDB}.Release|Mixed Platforms.ActiveCfg = Release|Any CPU
		{DDD8FCD5-F75E-4876-AD1B-72BE13F7BEDB}.Release|Mixed Platforms.Build.0 = Release|Any CPU
		{DDD8FCD5-F75E-4876-AD1B-72BE13F7BEDB}.Release|x86.ActiveCfg = Release|Any CPU
		{F730F20D-F622-41CA-9E4F-6D7F97A5E0E0}.Debug|Any CPU.ActiveCfg = Debug|Any CPU
		{F730F20D-F622-41CA-9E4F-6D7F97A5E0E0}.Debug|Any CPU.Build.0 = Debug|Any CPU
		{F730F20D-F622-41CA-9E4F-6D7F97A5E0E0}.Debug|Mixed Platforms.ActiveCfg = Debug|Any CPU
		{F730F20D-F622-41CA-9E4F-6D7F97A5E0E0}.Debug|Mixed Platforms.Build.0 = Debug|Any CPU
		{F730F20D-F622-41CA-9E4F-6D7F97A5E0E0}.Debug|x86.ActiveCfg = Debug|Any CPU
		{F730F20D-F622-41CA-9E4F-6D7F97A5E0E0}.Release|Any CPU.ActiveCfg = Release|Any CPU
		{F730F20D-F622-41CA-9E4F-6D7F97A5E0E0}.Release|Any CPU.Build.0 = Release|Any CPU
		{F730F20D-F622-41CA-9E4F-6D7F97A5E0E0}.Release|Mixed Platforms.ActiveCfg = Release|Any CPU
		{F730F20D-F622-41CA-9E4F-6D7F97A5E0E0}.Release|Mixed Platforms.Build.0 = Release|Any CPU
		{F730F20D-F622-41CA-9E4F-6D7F97A5E0E0}.Release|x86.ActiveCfg = Release|Any CPU
		{46A18A55-5AE8-49CE-91CD-C7421B642E7E}.Debug|Any CPU.ActiveCfg = Debug|Any CPU
		{46A18A55-5AE8-49CE-91CD-C7421B642E7E}.Debug|Any CPU.Build.0 = Debug|Any CPU
		{46A18A55-5AE8-49CE-91CD-C7421B642E7E}.Debug|Mixed Platforms.ActiveCfg = Debug|Any CPU
		{46A18A55-5AE8-49CE-91CD-C7421B642E7E}.Debug|Mixed Platforms.Build.0 = Debug|Any CPU
		{46A18A55-5AE8-49CE-91CD-C7421B642E7E}.Debug|x86.ActiveCfg = Debug|Any CPU
		{46A18A55-5AE8-49CE-91CD-C7421B642E7E}.Release|Any CPU.ActiveCfg = Release|Any CPU
		{46A18A55-5AE8-49CE-91CD-C7421B642E7E}.Release|Any CPU.Build.0 = Release|Any CPU
		{46A18A55-5AE8-49CE-91CD-C7421B642E7E}.Release|Mixed Platforms.ActiveCfg = Release|Any CPU
		{46A18A55-5AE8-49CE-91CD-C7421B642E7E}.Release|Mixed Platforms.Build.0 = Release|Any CPU
		{46A18A55-5AE8-49CE-91CD-C7421B642E7E}.Release|x86.ActiveCfg = Release|Any CPU
		{F880F3FE-9745-460E-9ED4-B20864D59103}.Debug|Any CPU.ActiveCfg = Debug|Any CPU
		{F880F3FE-9745-460E-9ED4-B20864D59103}.Debug|Any CPU.Build.0 = Debug|Any CPU
		{F880F3FE-9745-460E-9ED4-B20864D59103}.Debug|Mixed Platforms.ActiveCfg = Debug|Any CPU
		{F880F3FE-9745-460E-9ED4-B20864D59103}.Debug|Mixed Platforms.Build.0 = Debug|Any CPU
		{F880F3FE-9745-460E-9ED4-B20864D59103}.Debug|x86.ActiveCfg = Debug|Any CPU
		{F880F3FE-9745-460E-9ED4-B20864D59103}.Release|Any CPU.ActiveCfg = Release|Any CPU
		{F880F3FE-9745-460E-9ED4-B20864D59103}.Release|Any CPU.Build.0 = Release|Any CPU
		{F880F3FE-9745-460E-9ED4-B20864D59103}.Release|Mixed Platforms.ActiveCfg = Release|Any CPU
		{F880F3FE-9745-460E-9ED4-B20864D59103}.Release|Mixed Platforms.Build.0 = Release|Any CPU
		{F880F3FE-9745-460E-9ED4-B20864D59103}.Release|x86.ActiveCfg = Release|Any CPU
		{E6468536-85AC-41A8-9C4C-08442D8C54F3}.Debug|Any CPU.ActiveCfg = Debug|Any CPU
		{E6468536-85AC-41A8-9C4C-08442D8C54F3}.Debug|Any CPU.Build.0 = Debug|Any CPU
		{E6468536-85AC-41A8-9C4C-08442D8C54F3}.Debug|Mixed Platforms.ActiveCfg = Debug|Any CPU
		{E6468536-85AC-41A8-9C4C-08442D8C54F3}.Debug|Mixed Platforms.Build.0 = Debug|Any CPU
		{E6468536-85AC-41A8-9C4C-08442D8C54F3}.Debug|x86.ActiveCfg = Debug|Any CPU
		{E6468536-85AC-41A8-9C4C-08442D8C54F3}.Release|Any CPU.ActiveCfg = Release|Any CPU
		{E6468536-85AC-41A8-9C4C-08442D8C54F3}.Release|Any CPU.Build.0 = Release|Any CPU
		{E6468536-85AC-41A8-9C4C-08442D8C54F3}.Release|Mixed Platforms.ActiveCfg = Release|Any CPU
		{E6468536-85AC-41A8-9C4C-08442D8C54F3}.Release|Mixed Platforms.Build.0 = Release|Any CPU
		{E6468536-85AC-41A8-9C4C-08442D8C54F3}.Release|x86.ActiveCfg = Release|Any CPU
		{0B5DDC6E-0178-4DA7-AAC7-331B45399F28}.Debug|Any CPU.ActiveCfg = Debug|Any CPU
		{0B5DDC6E-0178-4DA7-AAC7-331B45399F28}.Debug|Any CPU.Build.0 = Debug|Any CPU
		{0B5DDC6E-0178-4DA7-AAC7-331B45399F28}.Debug|Mixed Platforms.ActiveCfg = Debug|Any CPU
		{0B5DDC6E-0178-4DA7-AAC7-331B45399F28}.Debug|Mixed Platforms.Build.0 = Debug|Any CPU
		{0B5DDC6E-0178-4DA7-AAC7-331B45399F28}.Debug|x86.ActiveCfg = Debug|Any CPU
		{0B5DDC6E-0178-4DA7-AAC7-331B45399F28}.Release|Any CPU.ActiveCfg = Release|Any CPU
		{0B5DDC6E-0178-4DA7-AAC7-331B45399F28}.Release|Any CPU.Build.0 = Release|Any CPU
		{0B5DDC6E-0178-4DA7-AAC7-331B45399F28}.Release|Mixed Platforms.ActiveCfg = Release|Any CPU
		{0B5DDC6E-0178-4DA7-AAC7-331B45399F28}.Release|Mixed Platforms.Build.0 = Release|Any CPU
		{0B5DDC6E-0178-4DA7-AAC7-331B45399F28}.Release|x86.ActiveCfg = Release|Any CPU
		{5F1DC1CC-9FF1-4D43-8C0D-C79F96F821CD}.Debug|Any CPU.ActiveCfg = Debug|Any CPU
		{5F1DC1CC-9FF1-4D43-8C0D-C79F96F821CD}.Debug|Any CPU.Build.0 = Debug|Any CPU
		{5F1DC1CC-9FF1-4D43-8C0D-C79F96F821CD}.Debug|Mixed Platforms.ActiveCfg = Debug|Any CPU
		{5F1DC1CC-9FF1-4D43-8C0D-C79F96F821CD}.Debug|Mixed Platforms.Build.0 = Debug|Any CPU
		{5F1DC1CC-9FF1-4D43-8C0D-C79F96F821CD}.Debug|x86.ActiveCfg = Debug|Any CPU
		{5F1DC1CC-9FF1-4D43-8C0D-C79F96F821CD}.Release|Any CPU.ActiveCfg = Release|Any CPU
		{5F1DC1CC-9FF1-4D43-8C0D-C79F96F821CD}.Release|Any CPU.Build.0 = Release|Any CPU
		{5F1DC1CC-9FF1-4D43-8C0D-C79F96F821CD}.Release|Mixed Platforms.ActiveCfg = Release|Any CPU
		{5F1DC1CC-9FF1-4D43-8C0D-C79F96F821CD}.Release|Mixed Platforms.Build.0 = Release|Any CPU
		{5F1DC1CC-9FF1-4D43-8C0D-C79F96F821CD}.Release|x86.ActiveCfg = Release|Any CPU
		{F08B2994-4D05-423E-A8FE-7D1E8A63472B}.Debug|Any CPU.ActiveCfg = Debug|Any CPU
		{F08B2994-4D05-423E-A8FE-7D1E8A63472B}.Debug|Any CPU.Build.0 = Debug|Any CPU
		{F08B2994-4D05-423E-A8FE-7D1E8A63472B}.Debug|Mixed Platforms.ActiveCfg = Debug|Any CPU
		{F08B2994-4D05-423E-A8FE-7D1E8A63472B}.Debug|Mixed Platforms.Build.0 = Debug|Any CPU
		{F08B2994-4D05-423E-A8FE-7D1E8A63472B}.Debug|x86.ActiveCfg = Debug|Any CPU
		{F08B2994-4D05-423E-A8FE-7D1E8A63472B}.Release|Any CPU.ActiveCfg = Release|Any CPU
		{F08B2994-4D05-423E-A8FE-7D1E8A63472B}.Release|Any CPU.Build.0 = Release|Any CPU
		{F08B2994-4D05-423E-A8FE-7D1E8A63472B}.Release|Mixed Platforms.ActiveCfg = Release|Any CPU
		{F08B2994-4D05-423E-A8FE-7D1E8A63472B}.Release|Mixed Platforms.Build.0 = Release|Any CPU
		{F08B2994-4D05-423E-A8FE-7D1E8A63472B}.Release|x86.ActiveCfg = Release|Any CPU
		{5384CE57-1F94-4D22-860D-2E9C1AC12DDF}.Debug|Any CPU.ActiveCfg = Debug|Any CPU
		{5384CE57-1F94-4D22-860D-2E9C1AC12DDF}.Debug|Any CPU.Build.0 = Debug|Any CPU
		{5384CE57-1F94-4D22-860D-2E9C1AC12DDF}.Debug|Mixed Platforms.ActiveCfg = Debug|Any CPU
		{5384CE57-1F94-4D22-860D-2E9C1AC12DDF}.Debug|Mixed Platforms.Build.0 = Debug|Any CPU
		{5384CE57-1F94-4D22-860D-2E9C1AC12DDF}.Debug|x86.ActiveCfg = Debug|Any CPU
		{5384CE57-1F94-4D22-860D-2E9C1AC12DDF}.Release|Any CPU.ActiveCfg = Release|Any CPU
		{5384CE57-1F94-4D22-860D-2E9C1AC12DDF}.Release|Any CPU.Build.0 = Release|Any CPU
		{5384CE57-1F94-4D22-860D-2E9C1AC12DDF}.Release|Mixed Platforms.ActiveCfg = Release|Any CPU
		{5384CE57-1F94-4D22-860D-2E9C1AC12DDF}.Release|Mixed Platforms.Build.0 = Release|Any CPU
		{5384CE57-1F94-4D22-860D-2E9C1AC12DDF}.Release|x86.ActiveCfg = Release|Any CPU
		{4666ABF3-EFE5-49BD-B2E8-9E04F5949145}.Debug|Any CPU.ActiveCfg = Debug|Any CPU
		{4666ABF3-EFE5-49BD-B2E8-9E04F5949145}.Debug|Any CPU.Build.0 = Debug|Any CPU
		{4666ABF3-EFE5-49BD-B2E8-9E04F5949145}.Debug|Mixed Platforms.ActiveCfg = Debug|Any CPU
		{4666ABF3-EFE5-49BD-B2E8-9E04F5949145}.Debug|Mixed Platforms.Build.0 = Debug|Any CPU
		{4666ABF3-EFE5-49BD-B2E8-9E04F5949145}.Debug|x86.ActiveCfg = Debug|Any CPU
		{4666ABF3-EFE5-49BD-B2E8-9E04F5949145}.Release|Any CPU.ActiveCfg = Release|Any CPU
		{4666ABF3-EFE5-49BD-B2E8-9E04F5949145}.Release|Any CPU.Build.0 = Release|Any CPU
		{4666ABF3-EFE5-49BD-B2E8-9E04F5949145}.Release|Mixed Platforms.ActiveCfg = Release|Any CPU
		{4666ABF3-EFE5-49BD-B2E8-9E04F5949145}.Release|Mixed Platforms.Build.0 = Release|Any CPU
		{4666ABF3-EFE5-49BD-B2E8-9E04F5949145}.Release|x86.ActiveCfg = Release|Any CPU
		{FEBBE5BE-9F58-4967-BBCF-801F1CFCD774}.Debug|Any CPU.ActiveCfg = Debug|Any CPU
		{FEBBE5BE-9F58-4967-BBCF-801F1CFCD774}.Debug|Any CPU.Build.0 = Debug|Any CPU
		{FEBBE5BE-9F58-4967-BBCF-801F1CFCD774}.Debug|Mixed Platforms.ActiveCfg = Debug|Any CPU
		{FEBBE5BE-9F58-4967-BBCF-801F1CFCD774}.Debug|Mixed Platforms.Build.0 = Debug|Any CPU
		{FEBBE5BE-9F58-4967-BBCF-801F1CFCD774}.Debug|x86.ActiveCfg = Debug|Any CPU
		{FEBBE5BE-9F58-4967-BBCF-801F1CFCD774}.Release|Any CPU.ActiveCfg = Release|Any CPU
		{FEBBE5BE-9F58-4967-BBCF-801F1CFCD774}.Release|Any CPU.Build.0 = Release|Any CPU
		{FEBBE5BE-9F58-4967-BBCF-801F1CFCD774}.Release|Mixed Platforms.ActiveCfg = Release|Any CPU
		{FEBBE5BE-9F58-4967-BBCF-801F1CFCD774}.Release|Mixed Platforms.Build.0 = Release|Any CPU
		{FEBBE5BE-9F58-4967-BBCF-801F1CFCD774}.Release|x86.ActiveCfg = Release|Any CPU
		{CFDB7D46-EA8D-47DE-B10A-9E755A1B48BA}.Debug|Any CPU.ActiveCfg = Debug|Any CPU
		{CFDB7D46-EA8D-47DE-B10A-9E755A1B48BA}.Debug|Any CPU.Build.0 = Debug|Any CPU
		{CFDB7D46-EA8D-47DE-B10A-9E755A1B48BA}.Debug|Mixed Platforms.ActiveCfg = Debug|Any CPU
		{CFDB7D46-EA8D-47DE-B10A-9E755A1B48BA}.Debug|Mixed Platforms.Build.0 = Debug|Any CPU
		{CFDB7D46-EA8D-47DE-B10A-9E755A1B48BA}.Debug|x86.ActiveCfg = Debug|Any CPU
		{CFDB7D46-EA8D-47DE-B10A-9E755A1B48BA}.Release|Any CPU.ActiveCfg = Release|Any CPU
		{CFDB7D46-EA8D-47DE-B10A-9E755A1B48BA}.Release|Any CPU.Build.0 = Release|Any CPU
		{CFDB7D46-EA8D-47DE-B10A-9E755A1B48BA}.Release|Mixed Platforms.ActiveCfg = Release|Any CPU
		{CFDB7D46-EA8D-47DE-B10A-9E755A1B48BA}.Release|Mixed Platforms.Build.0 = Release|Any CPU
		{CFDB7D46-EA8D-47DE-B10A-9E755A1B48BA}.Release|x86.ActiveCfg = Release|Any CPU
		{22010032-52DC-464D-B8BB-6CD9BF230D1F}.Debug|Any CPU.ActiveCfg = Debug|Any CPU
		{22010032-52DC-464D-B8BB-6CD9BF230D1F}.Debug|Any CPU.Build.0 = Debug|Any CPU
		{22010032-52DC-464D-B8BB-6CD9BF230D1F}.Debug|Mixed Platforms.ActiveCfg = Debug|Any CPU
		{22010032-52DC-464D-B8BB-6CD9BF230D1F}.Debug|Mixed Platforms.Build.0 = Debug|Any CPU
		{22010032-52DC-464D-B8BB-6CD9BF230D1F}.Debug|x86.ActiveCfg = Debug|Any CPU
		{22010032-52DC-464D-B8BB-6CD9BF230D1F}.Release|Any CPU.ActiveCfg = Release|Any CPU
		{22010032-52DC-464D-B8BB-6CD9BF230D1F}.Release|Any CPU.Build.0 = Release|Any CPU
		{22010032-52DC-464D-B8BB-6CD9BF230D1F}.Release|Mixed Platforms.ActiveCfg = Release|Any CPU
		{22010032-52DC-464D-B8BB-6CD9BF230D1F}.Release|Mixed Platforms.Build.0 = Release|Any CPU
		{22010032-52DC-464D-B8BB-6CD9BF230D1F}.Release|x86.ActiveCfg = Release|Any CPU
		{4F36C758-4A5F-4091-ADE8-BE771B909FD6}.Debug|Any CPU.ActiveCfg = Debug|Any CPU
		{4F36C758-4A5F-4091-ADE8-BE771B909FD6}.Debug|Any CPU.Build.0 = Debug|Any CPU
		{4F36C758-4A5F-4091-ADE8-BE771B909FD6}.Debug|Mixed Platforms.ActiveCfg = Debug|Any CPU
		{4F36C758-4A5F-4091-ADE8-BE771B909FD6}.Debug|Mixed Platforms.Build.0 = Debug|Any CPU
		{4F36C758-4A5F-4091-ADE8-BE771B909FD6}.Debug|x86.ActiveCfg = Debug|Any CPU
		{4F36C758-4A5F-4091-ADE8-BE771B909FD6}.Release|Any CPU.ActiveCfg = Release|Any CPU
		{4F36C758-4A5F-4091-ADE8-BE771B909FD6}.Release|Any CPU.Build.0 = Release|Any CPU
		{4F36C758-4A5F-4091-ADE8-BE771B909FD6}.Release|Mixed Platforms.ActiveCfg = Release|Any CPU
		{4F36C758-4A5F-4091-ADE8-BE771B909FD6}.Release|Mixed Platforms.Build.0 = Release|Any CPU
		{4F36C758-4A5F-4091-ADE8-BE771B909FD6}.Release|x86.ActiveCfg = Release|Any CPU
		{FEB1EAD6-3AE1-42C1-B4DB-FEE1C0681055}.Debug|Any CPU.ActiveCfg = Debug|Any CPU
		{FEB1EAD6-3AE1-42C1-B4DB-FEE1C0681055}.Debug|Any CPU.Build.0 = Debug|Any CPU
		{FEB1EAD6-3AE1-42C1-B4DB-FEE1C0681055}.Debug|Mixed Platforms.ActiveCfg = Debug|Any CPU
		{FEB1EAD6-3AE1-42C1-B4DB-FEE1C0681055}.Debug|Mixed Platforms.Build.0 = Debug|Any CPU
		{FEB1EAD6-3AE1-42C1-B4DB-FEE1C0681055}.Debug|x86.ActiveCfg = Debug|Any CPU
		{FEB1EAD6-3AE1-42C1-B4DB-FEE1C0681055}.Release|Any CPU.ActiveCfg = Release|Any CPU
		{FEB1EAD6-3AE1-42C1-B4DB-FEE1C0681055}.Release|Any CPU.Build.0 = Release|Any CPU
		{FEB1EAD6-3AE1-42C1-B4DB-FEE1C0681055}.Release|Mixed Platforms.ActiveCfg = Release|Any CPU
		{FEB1EAD6-3AE1-42C1-B4DB-FEE1C0681055}.Release|Mixed Platforms.Build.0 = Release|Any CPU
		{FEB1EAD6-3AE1-42C1-B4DB-FEE1C0681055}.Release|x86.ActiveCfg = Release|Any CPU
		{E346F030-E0F4-4CA1-965A-934E5150CD13}.Debug|Any CPU.ActiveCfg = Debug|Any CPU
		{E346F030-E0F4-4CA1-965A-934E5150CD13}.Debug|Any CPU.Build.0 = Debug|Any CPU
		{E346F030-E0F4-4CA1-965A-934E5150CD13}.Debug|Mixed Platforms.ActiveCfg = Debug|Any CPU
		{E346F030-E0F4-4CA1-965A-934E5150CD13}.Debug|Mixed Platforms.Build.0 = Debug|Any CPU
		{E346F030-E0F4-4CA1-965A-934E5150CD13}.Debug|x86.ActiveCfg = Debug|Any CPU
		{E346F030-E0F4-4CA1-965A-934E5150CD13}.Release|Any CPU.ActiveCfg = Release|Any CPU
		{E346F030-E0F4-4CA1-965A-934E5150CD13}.Release|Any CPU.Build.0 = Release|Any CPU
		{E346F030-E0F4-4CA1-965A-934E5150CD13}.Release|Mixed Platforms.ActiveCfg = Release|Any CPU
		{E346F030-E0F4-4CA1-965A-934E5150CD13}.Release|Mixed Platforms.Build.0 = Release|Any CPU
		{E346F030-E0F4-4CA1-965A-934E5150CD13}.Release|x86.ActiveCfg = Release|Any CPU
	EndGlobalSection
	GlobalSection(SolutionProperties) = preSolution
		HideSolutionNode = FALSE
	EndGlobalSection
EndGlobal
